<?xml version="1.0" encoding="utf-8"?>
<Project ToolsVersion="4.0" xmlns="http://schemas.microsoft.com/developer/msbuild/2003">
  <ItemGroup>
    <Filter Include="Kernel">
      <UniqueIdentifier>{4322caef-2024-4f7c-864e-88d917498468}</UniqueIdentifier>
    </Filter>
    <Filter Include="Kernel\Res">
      <UniqueIdentifier>{dba0b522-6ea2-4c90-b8b6-4da1722f6899}</UniqueIdentifier>
    </Filter>
    <Filter Include="Kernel\Log">
      <UniqueIdentifier>{50605d22-c7bd-4a4c-99a1-7509717d6320}</UniqueIdentifier>
    </Filter>
    <Filter Include="CDB">
      <UniqueIdentifier>{1b048924-e6fc-48c9-9a43-f546baf82da8}</UniqueIdentifier>
    </Filter>
    <Filter Include="External">
      <UniqueIdentifier>{6816cb87-5c17-40a4-b51f-99af382c36d3}</UniqueIdentifier>
    </Filter>
    <Filter Include="External\NV_Strips">
      <UniqueIdentifier>{1b511481-5b38-446a-af32-a7ab759c8ccd}</UniqueIdentifier>
    </Filter>
    <Filter Include="External\NV_Mender2003">
      <UniqueIdentifier>{0e2a6f79-641a-4c85-b389-ea0de7863765}</UniqueIdentifier>
    </Filter>
    <Filter Include="External\NV_Mender2002">
      <UniqueIdentifier>{97e45b3d-60ed-4113-a66d-37cffac56d8f}</UniqueIdentifier>
    </Filter>
    <Filter Include="External\NV_Mender2002\NV_Basis">
      <UniqueIdentifier>{94dc8dc0-c6dc-4fbd-b40d-b5a96acfb350}</UniqueIdentifier>
    </Filter>
    <Filter Include="- OLD -">
      <UniqueIdentifier>{54b9058b-64a0-4bb9-a595-4a736f4d9bb7}</UniqueIdentifier>
    </Filter>
    <Filter Include="%2a%2a%2a COMPILER %2a%2a%2a">
      <UniqueIdentifier>{01d9c3f8-4397-4924-b920-2120ef046d90}</UniqueIdentifier>
    </Filter>
    <Filter Include="%2a%2a%2a COMPILER %2a%2a%2a\Deflector">
      <UniqueIdentifier>{f4575153-4953-466e-8981-259537898832}</UniqueIdentifier>
    </Filter>
    <Filter Include="%2a%2a%2a COMPILER %2a%2a%2a\XRAY">
      <UniqueIdentifier>{957e4dc5-9e76-42a5-8100-8578f2c50460}</UniqueIdentifier>
    </Filter>
    <Filter Include="%2a%2a%2a COMPILER %2a%2a%2a\Internal">
      <UniqueIdentifier>{abbe1427-5407-45cb-82c5-10e7b2f33f72}</UniqueIdentifier>
    </Filter>
    <Filter Include="%2a%2a%2a COMPILER %2a%2a%2a\Internal\Targa">
      <UniqueIdentifier>{97d35f24-37ca-42da-b9c4-335605dd10d4}</UniqueIdentifier>
    </Filter>
    <Filter Include="%2a%2a%2a COMPILER %2a%2a%2a\Internal\Targa\ILoader">
      <UniqueIdentifier>{b9bb765a-a07b-468c-a200-0562891e8224}</UniqueIdentifier>
    </Filter>
    <Filter Include="%2a%2a%2a COMPILER %2a%2a%2a\Model">
      <UniqueIdentifier>{012a8f47-9b2d-4d7f-8a66-1e2280614004}</UniqueIdentifier>
    </Filter>
    <Filter Include="%2a%2a%2a COMPILER %2a%2a%2a\net">
      <UniqueIdentifier>{b85a98b8-2561-448b-b65a-490577f760fc}</UniqueIdentifier>
    </Filter>
  </ItemGroup>
  <ItemGroup>
    <ClInclude Include="defines.h">
      <Filter>Kernel</Filter>
    </ClInclude>
    <ClInclude Include="StdAfx.h">
      <Filter>Kernel</Filter>
    </ClInclude>
    <ClInclude Include="resource.h">
      <Filter>Kernel\Res</Filter>
    </ClInclude>
    <ClInclude Include="cl_log.h">
      <Filter>Kernel\Log</Filter>
    </ClInclude>
    <ClInclude Include="cl_intersect.h">
      <Filter>CDB</Filter>
    </ClInclude>
    <ClInclude Include="b_globals.h">
      <Filter>External</Filter>
    </ClInclude>
    <ClInclude Include="MeshMenderLayerOGF.h">
      <Filter>External</Filter>
    </ClInclude>
    <ClInclude Include="MeshMenderLayerOrdinaryStatic.h">
      <Filter>External</Filter>
    </ClInclude>
    <ClInclude Include="progmesh.h">
      <Filter>External</Filter>
    </ClInclude>
    <ClInclude Include="std_classes.h">
      <Filter>External</Filter>
    </ClInclude>
    <ClInclude Include="xrDXTC.h">
      <Filter>External</Filter>
    </ClInclude>
    <ClInclude Include="xrHemisphere.h">
      <Filter>External</Filter>
    </ClInclude>
    <ClInclude Include="xrOcclusion.h">
      <Filter>External</Filter>
    </ClInclude>
    <ClInclude Include="xrSpherical.h">
      <Filter>External</Filter>
    </ClInclude>
    <ClInclude Include="NV_Library\NvTriStrip.h">
      <Filter>External\NV_Strips</Filter>
    </ClInclude>
    <ClInclude Include="NV_Library\NvTriStripObjects.h">
      <Filter>External\NV_Strips</Filter>
    </ClInclude>
    <ClInclude Include="NV_Library\VertexCache.h">
      <Filter>External\NV_Strips</Filter>
    </ClInclude>
    <ClInclude Include="NvMender2002\NVMeshMender.h">
      <Filter>External\NV_Mender2002</Filter>
    </ClInclude>
    <ClInclude Include="NvMender2002\nv_algebra.h">
      <Filter>External\NV_Mender2002\NV_Basis</Filter>
    </ClInclude>
    <ClInclude Include="NvMender2002\nv_math.h">
      <Filter>External\NV_Mender2002\NV_Basis</Filter>
    </ClInclude>
    <ClInclude Include="NvMender2002\nv_mathdecl.h">
      <Filter>External\NV_Mender2002\NV_Basis</Filter>
    </ClInclude>
    <ClInclude Include="_rect.h">
      <Filter>%2a%2a%2a COMPILER %2a%2a%2a</Filter>
    </ClInclude>
    <ClInclude Include="Build.h">
      <Filter>%2a%2a%2a COMPILER %2a%2a%2a</Filter>
    </ClInclude>
    <ClInclude Include="cform_build.h">
      <Filter>%2a%2a%2a COMPILER %2a%2a%2a</Filter>
    </ClInclude>
    <ClInclude Include="ELight_def.h">
      <Filter>%2a%2a%2a COMPILER %2a%2a%2a</Filter>
    </ClInclude>
    <ClInclude Include="Sector.h">
      <Filter>%2a%2a%2a COMPILER %2a%2a%2a</Filter>
    </ClInclude>
    <ClInclude Include="xrPhase_MergeLM_Rect.h">
      <Filter>%2a%2a%2a COMPILER %2a%2a%2a</Filter>
    </ClInclude>
    <ClInclude Include="ArbitraryList.h">
      <Filter>%2a%2a%2a COMPILER %2a%2a%2a\XRAY</Filter>
    </ClInclude>
    <ClInclude Include="OGF_Face.h">
      <Filter>%2a%2a%2a COMPILER %2a%2a%2a\XRAY</Filter>
    </ClInclude>
    <ClInclude Include="PropSlimTools.h">
      <Filter>%2a%2a%2a COMPILER %2a%2a%2a\XRAY</Filter>
    </ClInclude>
    <ClInclude Include="vbm.h">
      <Filter>%2a%2a%2a COMPILER %2a%2a%2a\Internal</Filter>
    </ClInclude>
    <ClInclude Include="Image.h">
      <Filter>%2a%2a%2a COMPILER %2a%2a%2a\Internal\Targa\ILoader</Filter>
    </ClInclude>
    <ClInclude Include="net.h">
      <Filter>%2a%2a%2a COMPILER %2a%2a%2a\net</Filter>
    </ClInclude>
    <ClInclude Include="xrGameMaterials.h" />
    <ClInclude Include="..\Public\Shader_xrLC.h" />
  </ItemGroup>
  <ItemGroup>
    <ClCompile Include="StdAfx.cpp">
      <Filter>Kernel</Filter>
    </ClCompile>
    <ClCompile Include="xrLC.cpp">
      <Filter>Kernel</Filter>
    </ClCompile>
    <ClCompile Include="cl_log.cpp">
      <Filter>Kernel\Log</Filter>
    </ClCompile>
    <ClCompile Include="NV_Library\NvTriStrip.cpp">
      <Filter>External\NV_Strips</Filter>
    </ClCompile>
    <ClCompile Include="NV_Library\NvTriStripObjects.cpp">
      <Filter>External\NV_Strips</Filter>
    </ClCompile>
    <ClCompile Include="NV_Library\VertexCache.cpp">
      <Filter>External\NV_Strips</Filter>
    </ClCompile>
    <ClCompile Include="NvMender2002\NVMeshMender.cpp">
      <Filter>External\NV_Mender2002</Filter>
    </ClCompile>
    <ClCompile Include="NvMender2002\nv_algebra.cpp">
      <Filter>External\NV_Mender2002\NV_Basis</Filter>
    </ClCompile>
    <ClCompile Include="xrDetailPatch.cpp">
      <Filter>- OLD -</Filter>
    </ClCompile>
    <ClCompile Include="xrFlex2LOD.cpp">
      <Filter>- OLD -</Filter>
    </ClCompile>
    <ClCompile Include="xrHierrarhy.cpp">
      <Filter>- OLD -</Filter>
    </ClCompile>
    <ClCompile Include="xrPVS.cpp">
      <Filter>- OLD -</Filter>
    </ClCompile>
    <ClCompile Include="xrResolveMaterials.cpp">
      <Filter>- OLD -</Filter>
    </ClCompile>
    <ClCompile Include="xrSoftenLights.cpp">
      <Filter>- OLD -</Filter>
    </ClCompile>
    <ClCompile Include="xrTesselate.cpp">
      <Filter>- OLD -</Filter>
    </ClCompile>
    <ClCompile Include="xrUVmapping.cpp">
      <Filter>- OLD -</Filter>
    </ClCompile>
    <ClCompile Include="xrVis.cpp">
      <Filter>- OLD -</Filter>
    </ClCompile>
    <ClCompile Include="Build.cpp">
      <Filter>%2a%2a%2a COMPILER %2a%2a%2a</Filter>
    </ClCompile>
    <ClCompile Include="Build_Load.cpp">
      <Filter>%2a%2a%2a COMPILER %2a%2a%2a</Filter>
    </ClCompile>
    <ClCompile Include="Sector.cpp">
      <Filter>%2a%2a%2a COMPILER %2a%2a%2a</Filter>
    </ClCompile>
    <ClCompile Include="xrBuildCForm.cpp">
      <Filter>%2a%2a%2a COMPILER %2a%2a%2a</Filter>
    </ClCompile>
    <ClCompile Include="xrBuildRapidModel.cpp">
      <Filter>%2a%2a%2a COMPILER %2a%2a%2a</Filter>
    </ClCompile>
    <ClCompile Include="xrCalcNormals.cpp">
      <Filter>%2a%2a%2a COMPILER %2a%2a%2a</Filter>
    </ClCompile>
    <ClCompile Include="xrFlex2OGF.cpp">
      <Filter>%2a%2a%2a COMPILER %2a%2a%2a</Filter>
    </ClCompile>
    <ClCompile Include="xrLight.cpp">
      <Filter>%2a%2a%2a COMPILER %2a%2a%2a</Filter>
    </ClCompile>
    <ClCompile Include="xrOptimizeCFORM.cpp">
      <Filter>%2a%2a%2a COMPILER %2a%2a%2a</Filter>
    </ClCompile>
    <ClCompile Include="xrOptimizeCFORM_qslim.cpp">
      <Filter>%2a%2a%2a COMPILER %2a%2a%2a</Filter>
    </ClCompile>
    <ClCompile Include="xrPhase_AdaptiveHT.cpp">
      <Filter>%2a%2a%2a COMPILER %2a%2a%2a</Filter>
    </ClCompile>
    <ClCompile Include="xrPhase_AdaptiveHT_qslim.cpp">
      <Filter>%2a%2a%2a COMPILER %2a%2a%2a</Filter>
    </ClCompile>
    <ClCompile Include="xrPhase_GI.cpp">
      <Filter>%2a%2a%2a COMPILER %2a%2a%2a</Filter>
    </ClCompile>
    <ClCompile Include="xrPhase_MergeGeometry.cpp">
      <Filter>%2a%2a%2a COMPILER %2a%2a%2a</Filter>
    </ClCompile>
    <ClCompile Include="xrPhase_MergeLM.cpp">
      <Filter>%2a%2a%2a COMPILER %2a%2a%2a</Filter>
    </ClCompile>
    <ClCompile Include="xrPhase_MergeLM_Surface.cpp">
      <Filter>%2a%2a%2a COMPILER %2a%2a%2a</Filter>
    </ClCompile>
    <ClCompile Include="xrPhase_ResolveMaterials.cpp">
      <Filter>%2a%2a%2a COMPILER %2a%2a%2a</Filter>
    </ClCompile>
    <ClCompile Include="xrPhase_Subdivide.cpp">
      <Filter>%2a%2a%2a COMPILER %2a%2a%2a</Filter>
    </ClCompile>
    <ClCompile Include="xrPhase_TangentBasis.cpp">
      <Filter>%2a%2a%2a COMPILER %2a%2a%2a</Filter>
    </ClCompile>
    <ClCompile Include="xrPhase_TangentBasis2002.cpp">
      <Filter>%2a%2a%2a COMPILER %2a%2a%2a</Filter>
    </ClCompile>
    <ClCompile Include="xrPhase_UVmap.cpp">
      <Filter>%2a%2a%2a COMPILER %2a%2a%2a</Filter>
    </ClCompile>
    <ClCompile Include="xrPreOptimize.cpp">
      <Filter>%2a%2a%2a COMPILER %2a%2a%2a</Filter>
    </ClCompile>
    <ClCompile Include="xrSaveLights.cpp">
      <Filter>%2a%2a%2a COMPILER %2a%2a%2a</Filter>
    </ClCompile>
    <ClCompile Include="xrSaveOGF.cpp">
      <Filter>%2a%2a%2a COMPILER %2a%2a%2a</Filter>
    </ClCompile>
    <ClCompile Include="xrSectors.cpp">
      <Filter>%2a%2a%2a COMPILER %2a%2a%2a</Filter>
    </ClCompile>
    <ClCompile Include="xrT_Junction.cpp">
      <Filter>%2a%2a%2a COMPILER %2a%2a%2a</Filter>
    </ClCompile>
    <ClCompile Include="fmesh.cpp">
      <Filter>%2a%2a%2a COMPILER %2a%2a%2a\XRAY</Filter>
    </ClCompile>
    <ClCompile Include="OGF_CalculateTB.cpp">
      <Filter>%2a%2a%2a COMPILER %2a%2a%2a\XRAY</Filter>
    </ClCompile>
    <ClCompile Include="OGF_CalculateTB2002.cpp">
      <Filter>%2a%2a%2a COMPILER %2a%2a%2a\XRAY</Filter>
    </ClCompile>
    <ClCompile Include="OGF_Face.cpp">
      <Filter>%2a%2a%2a COMPILER %2a%2a%2a\XRAY</Filter>
    </ClCompile>
    <ClCompile Include="OGF_Face_Save.cpp">
      <Filter>%2a%2a%2a COMPILER %2a%2a%2a\XRAY</Filter>
    </ClCompile>
    <ClCompile Include="OGF_Face_Sphere.cpp">
      <Filter>%2a%2a%2a COMPILER %2a%2a%2a\XRAY</Filter>
    </ClCompile>
    <ClCompile Include="OGF_Face_Stripify.cpp">
      <Filter>%2a%2a%2a COMPILER %2a%2a%2a\XRAY</Filter>
    </ClCompile>
    <ClCompile Include="OGF_RemoveIsolatedVerts.cpp">
      <Filter>%2a%2a%2a COMPILER %2a%2a%2a\XRAY</Filter>
    </ClCompile>
    <ClCompile Include="Image.cpp">
      <Filter>%2a%2a%2a COMPILER %2a%2a%2a\Internal\Targa\ILoader</Filter>
    </ClCompile>
    <ClCompile Include="xrMU_Model_Calc_ogf.cpp">
      <Filter>%2a%2a%2a COMPILER %2a%2a%2a\Model</Filter>
    </ClCompile>
    <ClCompile Include="xrMU_Model_export_cform_game.cpp">
      <Filter>%2a%2a%2a COMPILER %2a%2a%2a\Model</Filter>
    </ClCompile>
    <ClCompile Include="xrMU_Model_export_cform_game_s.cpp">
      <Filter>%2a%2a%2a COMPILER %2a%2a%2a\Model</Filter>
    </ClCompile>
    <ClCompile Include="xrMU_Model_export_geometry.cpp">
      <Filter>%2a%2a%2a COMPILER %2a%2a%2a\Model</Filter>
    </ClCompile>
    <ClCompile Include="xrMU_Model_export_OGF.cpp">
      <Filter>%2a%2a%2a COMPILER %2a%2a%2a\Model</Filter>
    </ClCompile>
    <ClCompile Include="net.cpp">
      <Filter>%2a%2a%2a COMPILER %2a%2a%2a\net</Filter>
    </ClCompile>
    <ClCompile Include="..\Public\NVMeshMenderTwo.cpp" />
  </ItemGroup>
  <ItemGroup>
    <ResourceCompile Include="resource.rc">
      <Filter>Kernel\Res</Filter>
    </ResourceCompile>
  </ItemGroup>
</Project>