<?xml version="1.0" encoding="utf-8"?>
<Project ToolsVersion="4.0" xmlns="http://schemas.microsoft.com/developer/msbuild/2003">
  <ItemGroup>
    <Filter Include="General">
      <UniqueIdentifier>{7ec7af0f-88fe-4a54-8aea-0d4de14896ef}</UniqueIdentifier>
    </Filter>
    <Filter Include="General\Resources">
      <UniqueIdentifier>{80d7d940-8014-497b-b225-3f4d364a19bf}</UniqueIdentifier>
    </Filter>
    <Filter Include="Interfaces">
      <UniqueIdentifier>{771fe687-8981-47b6-8133-2e7be16264c3}</UniqueIdentifier>
    </Filter>
    <Filter Include="Interfaces\Sound">
      <UniqueIdentifier>{ea13441b-44dd-4230-ace2-56a046fe56eb}</UniqueIdentifier>
    </Filter>
    <Filter Include="Interfaces\Input">
      <UniqueIdentifier>{25744644-b729-4a3c-aade-7f7770285c19}</UniqueIdentifier>
    </Filter>
    <Filter Include="Interfaces\Sheduler">
      <UniqueIdentifier>{725bca6e-e791-4c53-99e8-eed6752bb78c}</UniqueIdentifier>
    </Filter>
    <Filter Include="Interfaces\Render">
      <UniqueIdentifier>{6483a958-9e2d-43d2-9b96-b247959e5251}</UniqueIdentifier>
    </Filter>
    <Filter Include="Interfaces\SPATIAL">
      <UniqueIdentifier>{e639a698-55e8-4a47-b45b-46ea3ebafce9}</UniqueIdentifier>
    </Filter>
    <Filter Include="Interfaces\Collidable">
      <UniqueIdentifier>{b6255bed-398b-4b3d-92e1-82dc8c0fe0bb}</UniqueIdentifier>
    </Filter>
    <Filter Include="Interfaces\Physics">
      <UniqueIdentifier>{cdc758a6-221a-4780-8b37-65299941bd49}</UniqueIdentifier>
    </Filter>
    <Filter Include="Game API">
      <UniqueIdentifier>{8ac4a958-7a74-455c-aa57-e96660c539dc}</UniqueIdentifier>
    </Filter>
    <Filter Include="Game API\Objects">
      <UniqueIdentifier>{db8e904f-cd6d-4a4f-93f1-99e2fbfecbbb}</UniqueIdentifier>
    </Filter>
    <Filter Include="Game API\HUD">
      <UniqueIdentifier>{aa4ebb28-cdda-4ec4-ab83-b7581ebd4bb4}</UniqueIdentifier>
    </Filter>
    <Filter Include="Game API\Environment">
      <UniqueIdentifier>{a5251592-10fa-4d14-92d7-b016ce4f7943}</UniqueIdentifier>
    </Filter>
    <Filter Include="Game API\Environment\Effects">
      <UniqueIdentifier>{4343835b-dd8a-4762-be4e-f69d21af8bf8}</UniqueIdentifier>
    </Filter>
    <Filter Include="Game API\Cameras">
      <UniqueIdentifier>{fb58bfd4-8bab-4742-8418-183e38da1e06}</UniqueIdentifier>
    </Filter>
    <Filter Include="Game API\Collision">
      <UniqueIdentifier>{6fe7f808-7b03-41e9-9d80-434c43c14324}</UniqueIdentifier>
    </Filter>
    <Filter Include="Game API\Animator">
      <UniqueIdentifier>{9d73a693-697c-4db5-98a3-5e22213a282e}</UniqueIdentifier>
    </Filter>
    <Filter Include="Game API\Feelers">
      <UniqueIdentifier>{94a210cd-2cd4-4148-809a-03894f05b524}</UniqueIdentifier>
    </Filter>
    <Filter Include="Game API\Demo">
      <UniqueIdentifier>{ceceaf40-368b-45cc-a323-bc976d14b5d6}</UniqueIdentifier>
    </Filter>
    <Filter Include="Game API\GameMaterials">
      <UniqueIdentifier>{f5b6ad99-4975-44dd-9b01-b85cd9e88fc8}</UniqueIdentifier>
    </Filter>
    <Filter Include="Game API\Debug">
      <UniqueIdentifier>{7912fdfe-c0c3-44e1-811a-6dea367ec3bb}</UniqueIdentifier>
    </Filter>
    <Filter Include="Render">
      <UniqueIdentifier>{343f78a9-b370-4c57-88ae-1e6c7cfa9db5}</UniqueIdentifier>
    </Filter>
    <Filter Include="Render\Visuals">
      <UniqueIdentifier>{4e3dc245-b00f-450b-83e8-9a2d2e26d954}</UniqueIdentifier>
    </Filter>
    <Filter Include="Render\Visuals\Skeleton">
      <UniqueIdentifier>{dc5b162d-0443-4bcd-a220-458989c808e9}</UniqueIdentifier>
    </Filter>
    <Filter Include="Render\Visibility">
      <UniqueIdentifier>{526098f8-49cf-4a71-9f00-3ce248d9e104}</UniqueIdentifier>
    </Filter>
    <Filter Include="Render\Particle system">
      <UniqueIdentifier>{20400b0f-ae92-4cc3-87d6-d34a80de8312}</UniqueIdentifier>
    </Filter>
    <Filter Include="Render\Lighting">
      <UniqueIdentifier>{f60d0846-0c78-47f5-9952-5032979e8853}</UniqueIdentifier>
    </Filter>
    <Filter Include="Render\Font output">
      <UniqueIdentifier>{443e4942-5fd0-4cee-b71f-42512b0a4cc2}</UniqueIdentifier>
    </Filter>
    <Filter Include="Render\Execution &amp; 3D">
      <UniqueIdentifier>{71d51e15-b01a-4933-8aef-0bb21bfecda4}</UniqueIdentifier>
    </Filter>
    <Filter Include="Render\Execution &amp; 3D\Shaders">
      <UniqueIdentifier>{d0de02f5-6ca6-4b0a-9bb4-8866b971eeb1}</UniqueIdentifier>
    </Filter>
    <Filter Include="Render\Execution &amp; 3D\Shaders\Textures">
      <UniqueIdentifier>{ea6d162a-dcd7-417e-b98e-2996c8534ee7}</UniqueIdentifier>
    </Filter>
    <Filter Include="Render\Execution &amp; 3D\TextConsole">
      <UniqueIdentifier>{1d2c45bb-5f4d-46fd-9fcb-ac33588a2846}</UniqueIdentifier>
    </Filter>
    <Filter Include="Engine">
      <UniqueIdentifier>{df55a6e0-2371-4394-aab0-6d1c68a948fa}</UniqueIdentifier>
    </Filter>
    <Filter Include="Engine\Collision Core">
      <UniqueIdentifier>{d0ed01ac-58d3-494a-9b08-204ff7bd7f07}</UniqueIdentifier>
    </Filter>
    <Filter Include="Engine\Console">
      <UniqueIdentifier>{66345420-ea46-4a24-b89f-0451960997f0}</UniqueIdentifier>
    </Filter>
    <Filter Include="Engine\Console\commands">
      <UniqueIdentifier>{3c4a05c6-a4d2-4640-884a-753da934968f}</UniqueIdentifier>
    </Filter>
    <Filter Include="Engine\Core">
      <UniqueIdentifier>{8e57949f-9172-4ea6-ae46-9b1d154750d5}</UniqueIdentifier>
    </Filter>
    <Filter Include="Engine\Core\Scripting">
      <UniqueIdentifier>{72beae25-0b73-4176-8962-a74ba172135e}</UniqueIdentifier>
    </Filter>
    <Filter Include="Engine\Noise">
      <UniqueIdentifier>{3d7a43a3-b461-4faa-98ce-40650cb1cb5a}</UniqueIdentifier>
    </Filter>
    <Filter Include="Engine\text_editor">
      <UniqueIdentifier>{fe7206da-c198-45ae-98fb-f3d47ad575e1}</UniqueIdentifier>
    </Filter>
    <Filter Include="Engine\text_editor\line_editor">
      <UniqueIdentifier>{03d82714-5153-4ef6-80dd-9e41ebbb20ec}</UniqueIdentifier>
    </Filter>
    <Filter Include="Engine\text_editor\line_editor_control">
      <UniqueIdentifier>{8b594a98-fa73-4b51-9cf3-5d4d4fa31431}</UniqueIdentifier>
    </Filter>
    <Filter Include="Engine\text_editor\edit_actions">
      <UniqueIdentifier>{f10bbb9a-efaf-486e-83bd-062cfa7f0564}</UniqueIdentifier>
    </Filter>
    <Filter Include="RenderRef">
      <UniqueIdentifier>{ab2fe512-f600-45f6-8343-5edd5cad1941}</UniqueIdentifier>
    </Filter>
    <Filter Include="RenderRef\Execution &amp; 3D">
      <UniqueIdentifier>{6959eebe-b576-4c2d-8251-f26ee503fb09}</UniqueIdentifier>
    </Filter>
    <Filter Include="RenderRef\Execution &amp; 3D\Device">
      <UniqueIdentifier>{48030c73-a4ec-4814-8b1e-e33117739aad}</UniqueIdentifier>
    </Filter>
    <Filter Include="RenderRef\Execution &amp; 3D\Visuals">
      <UniqueIdentifier>{589457a1-2c4c-4798-a80f-b0179a5ea659}</UniqueIdentifier>
    </Filter>
    <Filter Include="RenderRef\Execution &amp; 3D\Visuals\Skeleton">
      <UniqueIdentifier>{f5c73a9a-7b4c-4fce-8fe0-a6f6156f629b}</UniqueIdentifier>
    </Filter>
    <Filter Include="RenderRef\doug_lea_memory_allocator">
      <UniqueIdentifier>{35891986-ee30-4bde-a252-4223611eaf88}</UniqueIdentifier>
    </Filter>
    <Filter Include="editor">
      <UniqueIdentifier>{6d6de190-3439-4e4f-9b32-2fbc94f31e1a}</UniqueIdentifier>
    </Filter>
    <Filter Include="editor\engine_impl">
      <UniqueIdentifier>{3a9b2053-812b-423c-b771-468c7a45298e}</UniqueIdentifier>
    </Filter>
    <Filter Include="editor\environment">
      <UniqueIdentifier>{2a170ea8-8f07-487a-9d15-423ec3bb9649}</UniqueIdentifier>
    </Filter>
    <Filter Include="editor\environment\suns_manager">
      <UniqueIdentifier>{dc01a1ba-a720-4516-9788-693d47b4916f}</UniqueIdentifier>
    </Filter>
    <Filter Include="editor\environment\suns_manager\sun">
      <UniqueIdentifier>{e284fb80-3348-4264-9190-5b6f4b8137d3}</UniqueIdentifier>
    </Filter>
    <Filter Include="editor\environment\suns_manager\sun\gradient">
      <UniqueIdentifier>{cce78fea-50d9-48b6-bd58-16eeb1a94a2e}</UniqueIdentifier>
    </Filter>
    <Filter Include="editor\environment\suns_manager\sun\blend">
      <UniqueIdentifier>{379fd053-a816-40fc-af19-ffedb4369f2b}</UniqueIdentifier>
    </Filter>
    <Filter Include="editor\environment\suns_manager\sun\flares">
      <UniqueIdentifier>{899e6dac-115e-4483-aec3-f26888c68abc}</UniqueIdentifier>
    </Filter>
    <Filter Include="editor\environment\suns_manager\sun\flares\flare">
      <UniqueIdentifier>{9db28922-fc4d-424b-9ce9-d014d69a3d4b}</UniqueIdentifier>
    </Filter>
    <Filter Include="editor\environment\levels_manager">
      <UniqueIdentifier>{83bc4f82-e415-484a-b34b-5bb047db1fda}</UniqueIdentifier>
    </Filter>
    <Filter Include="editor\environment\effects_manager">
      <UniqueIdentifier>{5d23abb4-0ca6-49a5-827f-c06c9c9505f4}</UniqueIdentifier>
    </Filter>
    <Filter Include="editor\environment\effects_manager\effect">
      <UniqueIdentifier>{c73b86c0-616a-46dd-a019-6212a36da0c5}</UniqueIdentifier>
    </Filter>
    <Filter Include="editor\environment\sound_channels_manager">
      <UniqueIdentifier>{fe756159-6760-4688-8aa4-53d22b91fc39}</UniqueIdentifier>
    </Filter>
    <Filter Include="editor\environment\sound_channels_manager\channel">
      <UniqueIdentifier>{64a4478f-3fca-40f9-a99c-5a6396800545}</UniqueIdentifier>
    </Filter>
    <Filter Include="editor\environment\sound_channels_manager\channel\source">
      <UniqueIdentifier>{d9967a89-0cb2-43e3-9f6f-3ec1a7cc1599}</UniqueIdentifier>
    </Filter>
    <Filter Include="editor\environment\manager">
      <UniqueIdentifier>{b94c5324-ad2c-45ae-bbcf-5495b672701b}</UniqueIdentifier>
    </Filter>
    <Filter Include="editor\environment\ambients">
      <UniqueIdentifier>{0e1b6ec5-a613-4169-99c9-dbf9a48253cb}</UniqueIdentifier>
    </Filter>
    <Filter Include="editor\environment\ambients\ambient">
      <UniqueIdentifier>{e6e5ddd1-8207-42ac-8ce0-8f3156fb34f3}</UniqueIdentifier>
    </Filter>
    <Filter Include="editor\environment\ambients\ambient\effect_id">
      <UniqueIdentifier>{6594c355-23ad-4b3d-9982-94302b050dc5}</UniqueIdentifier>
    </Filter>
    <Filter Include="editor\environment\ambients\ambient\sound_id">
      <UniqueIdentifier>{35acf32d-a19a-4618-b9e9-cb20f6d1e3a0}</UniqueIdentifier>
    </Filter>
    <Filter Include="editor\environment\thunderbolts">
      <UniqueIdentifier>{edd930e8-da7c-40ed-91ae-397f31727bb9}</UniqueIdentifier>
    </Filter>
    <Filter Include="editor\environment\thunderbolts\thunderbolt">
      <UniqueIdentifier>{8a54a964-7fad-441c-b1b8-6825b788b0f4}</UniqueIdentifier>
    </Filter>
    <Filter Include="editor\environment\thunderbolts\thunderbolt\gradient">
      <UniqueIdentifier>{3301d095-f1bb-4110-9af0-33fbc8ac9f88}</UniqueIdentifier>
    </Filter>
    <Filter Include="editor\environment\thunderbolts\thunderbolt_id">
      <UniqueIdentifier>{fe1b2cb5-7594-471a-ab0c-46379e2af866}</UniqueIdentifier>
    </Filter>
    <Filter Include="editor\environment\thunderbolts\collection">
      <UniqueIdentifier>{d4758030-1b30-4811-988f-f9ea67382ef3}</UniqueIdentifier>
    </Filter>
    <Filter Include="editor\environment\weathers">
      <UniqueIdentifier>{4cbac4bd-2bc5-461b-b9ec-bc1b41e69baf}</UniqueIdentifier>
    </Filter>
    <Filter Include="editor\environment\weathers\weather">
      <UniqueIdentifier>{541ad4cb-4ffe-455b-90d4-c9aea8a4a14d}</UniqueIdentifier>
    </Filter>
    <Filter Include="editor\environment\weathers\weather\time">
      <UniqueIdentifier>{1573f47d-5c3a-43f0-8b8c-2ce7e22e571b}</UniqueIdentifier>
    </Filter>
    <Filter Include="editor\environment\detail">
      <UniqueIdentifier>{bbd0efa9-a7dd-47e8-aba5-2a061129f18c}</UniqueIdentifier>
    </Filter>
    <Filter Include="editor\property_collection">
      <UniqueIdentifier>{97f7f5bc-dd1e-4fd3-9260-d86dca09bece}</UniqueIdentifier>
    </Filter>
    <Filter Include="editor\ide">
      <UniqueIdentifier>{b9a94df8-a59b-43c4-9d10-ad55d8a8cd8f}</UniqueIdentifier>
    </Filter>
    <Filter Include="OpenAutomate">
      <UniqueIdentifier>{5da65fe8-23ca-4fb3-a688-b9f2c19750fc}</UniqueIdentifier>
    </Filter>
    <Filter Include="My Amplifier Results">
      <UniqueIdentifier>{12b4f4fa-3402-43db-8088-f621ac8c2c71}</UniqueIdentifier>
    </Filter>
  </ItemGroup>
  <ItemGroup>
    <ClInclude Include="_d3d_extensions.h">
      <Filter>General</Filter>
    </ClInclude>
    <ClInclude Include="CopyProtection.h">
      <Filter>General</Filter>
    </ClInclude>
    <ClInclude Include="dedicated_server_only.h">
      <Filter>General</Filter>
    </ClInclude>
    <ClInclude Include="defines.h">
      <Filter>General</Filter>
    </ClInclude>
    <ClInclude Include="mp_logging.h">
      <Filter>General</Filter>
    </ClInclude>
    <ClInclude Include="no_single.h">
      <Filter>General</Filter>
    </ClInclude>
    <ClInclude Include="stdafx.h">
      <Filter>General</Filter>
    </ClInclude>
    <ClInclude Include="trivial_encryptor.h">
      <Filter>General</Filter>
    </ClInclude>
    <ClInclude Include="x_ray.h">
      <Filter>General</Filter>
    </ClInclude>
    <ClInclude Include="resource.h">
      <Filter>General\Resources</Filter>
    </ClInclude>
    <ClInclude Include="psystem.h">
      <Filter>Interfaces</Filter>
    </ClInclude>
    <ClInclude Include="IInputReceiver.h">
      <Filter>Interfaces\Input</Filter>
    </ClInclude>
    <ClInclude Include="xr_input.h">
      <Filter>Interfaces\Input</Filter>
    </ClInclude>
    <ClInclude Include="xr_input_xinput.h">
      <Filter>Interfaces\Input</Filter>
    </ClInclude>
    <ClInclude Include="ISheduled.h">
      <Filter>Interfaces\Sheduler</Filter>
    </ClInclude>
    <ClInclude Include="xrSheduler.h">
      <Filter>Interfaces\Sheduler</Filter>
    </ClInclude>
    <ClInclude Include="IRenderable.h">
      <Filter>Interfaces\Render</Filter>
    </ClInclude>
    <ClInclude Include="Render.h">
      <Filter>Interfaces\Render</Filter>
    </ClInclude>
    <ClInclude Include="ICollidable.h">
      <Filter>Interfaces\Collidable</Filter>
    </ClInclude>
    <ClInclude Include="IObjectPhysicsCollision.h">
      <Filter>Interfaces\Physics</Filter>
    </ClInclude>
    <ClInclude Include="IPHdebug.h">
      <Filter>Interfaces\Physics</Filter>
    </ClInclude>
    <ClInclude Include="IPhysicsGeometry.h">
      <Filter>Interfaces\Physics</Filter>
    </ClInclude>
    <ClInclude Include="IPhysicsShell.h">
      <Filter>Interfaces\Physics</Filter>
    </ClInclude>
    <ClInclude Include="IGame_Level.h">
      <Filter>Game API</Filter>
    </ClInclude>
    <ClInclude Include="xrLevel.h">
      <Filter>Game API</Filter>
    </ClInclude>
    <ClInclude Include="IGame_ObjectPool.h">
      <Filter>Game API\Objects</Filter>
    </ClInclude>
    <ClInclude Include="IGame_Persistent.h">
      <Filter>Game API\Objects</Filter>
    </ClInclude>
    <ClInclude Include="pure_relcase.h">
      <Filter>Game API\Objects</Filter>
    </ClInclude>
    <ClInclude Include="xr_object.h">
      <Filter>Game API\Objects</Filter>
    </ClInclude>
    <ClInclude Include="xr_object_list.h">
      <Filter>Game API\Objects</Filter>
    </ClInclude>
    <ClInclude Include="CustomHUD.h">
      <Filter>Game API\HUD</Filter>
    </ClInclude>
    <ClInclude Include="Environment.h">
      <Filter>Game API\Environment</Filter>
    </ClInclude>
    <ClInclude Include="xrHemisphere.h">
      <Filter>Game API\Environment</Filter>
    </ClInclude>
    <ClInclude Include="Rain.h">
      <Filter>Game API\Environment\Effects</Filter>
    </ClInclude>
    <ClInclude Include="thunderbolt.h">
      <Filter>Game API\Environment\Effects</Filter>
    </ClInclude>
    <ClInclude Include="xr_efflensflare.h">
      <Filter>Game API\Environment\Effects</Filter>
    </ClInclude>
    <ClInclude Include="CameraBase.h">
      <Filter>Game API\Cameras</Filter>
    </ClInclude>
    <ClInclude Include="CameraDefs.h">
      <Filter>Game API\Cameras</Filter>
    </ClInclude>
    <ClInclude Include="CameraManager.h">
      <Filter>Game API\Cameras</Filter>
    </ClInclude>
    <ClInclude Include="Effector.h">
      <Filter>Game API\Cameras</Filter>
    </ClInclude>
    <ClInclude Include="EffectorPP.h">
      <Filter>Game API\Cameras</Filter>
    </ClInclude>
    <ClInclude Include="cf_dynamic_mesh.h">
      <Filter>Game API\Collision</Filter>
    </ClInclude>
    <ClInclude Include="xr_collide_form.h">
      <Filter>Game API\Collision</Filter>
    </ClInclude>
    <ClInclude Include="bone.h">
      <Filter>Game API\Animator</Filter>
    </ClInclude>
    <ClInclude Include="envelope.h">
      <Filter>Game API\Animator</Filter>
    </ClInclude>
    <ClInclude Include="motion.h">
      <Filter>Game API\Animator</Filter>
    </ClInclude>
    <ClInclude Include="ObjectAnimator.h">
      <Filter>Game API\Animator</Filter>
    </ClInclude>
    <ClInclude Include="Feel_Sound.h">
      <Filter>Game API\Feelers</Filter>
    </ClInclude>
    <ClInclude Include="Feel_Touch.h">
      <Filter>Game API\Feelers</Filter>
    </ClInclude>
    <ClInclude Include="Feel_Vision.h">
      <Filter>Game API\Feelers</Filter>
    </ClInclude>
    <ClInclude Include="FDemoPlay.h">
      <Filter>Game API\Demo</Filter>
    </ClInclude>
    <ClInclude Include="FDemoRecord.h">
      <Filter>Game API\Demo</Filter>
    </ClInclude>
    <ClInclude Include="GameMtlLib.h">
      <Filter>Game API\GameMaterials</Filter>
    </ClInclude>
    <ClInclude Include="ObjectDump.h">
      <Filter>Game API\Debug</Filter>
    </ClInclude>
    <ClInclude Include="EnnumerateVertices.h">
      <Filter>Render\Visuals\Skeleton</Filter>
    </ClInclude>
    <ClInclude Include="vis_common.h">
      <Filter>Render\Visibility</Filter>
    </ClInclude>
    <ClInclude Include="PS_instance.h">
      <Filter>Render\Particle system</Filter>
    </ClInclude>
    <ClInclude Include="LightAnimLibrary.h">
      <Filter>Render\Lighting</Filter>
    </ClInclude>
    <ClInclude Include="GameFont.h">
      <Filter>Render\Font output</Filter>
    </ClInclude>
    <ClInclude Include="MbHelpers.h">
      <Filter>Render\Font output</Filter>
    </ClInclude>
    <ClInclude Include="Shader_xrLC.h">
      <Filter>Render\Execution &amp; 3D\Shaders</Filter>
    </ClInclude>
    <ClInclude Include="WaveForm.h">
      <Filter>Render\Execution &amp; 3D\Shaders</Filter>
    </ClInclude>
    <ClInclude Include="tntQAVI.h">
      <Filter>Render\Execution &amp; 3D\Shaders\Textures</Filter>
    </ClInclude>
    <ClInclude Include="xrImage_Resampler.h">
      <Filter>Render\Execution &amp; 3D\Shaders\Textures</Filter>
    </ClInclude>
    <ClInclude Include="xrTheora_Stream.h">
      <Filter>Render\Execution &amp; 3D\Shaders\Textures</Filter>
    </ClInclude>
    <ClInclude Include="xrTheora_Surface.h">
      <Filter>Render\Execution &amp; 3D\Shaders\Textures</Filter>
    </ClInclude>
    <ClInclude Include="xrTheora_Surface_mmx.h">
      <Filter>Render\Execution &amp; 3D\Shaders\Textures</Filter>
    </ClInclude>
    <ClInclude Include="Text_Console.h">
      <Filter>Render\Execution &amp; 3D\TextConsole</Filter>
    </ClInclude>
    <ClInclude Include="Properties.h">
      <Filter>Engine</Filter>
    </ClInclude>
    <ClInclude Include="pure.h">
      <Filter>Engine</Filter>
    </ClInclude>
    <ClInclude Include="std_classes.h">
      <Filter>Engine</Filter>
    </ClInclude>
    <ClInclude Include="cl_intersect.h">
      <Filter>Engine\Collision Core</Filter>
    </ClInclude>
    <ClInclude Include="XR_IOConsole.h">
      <Filter>Engine\Console</Filter>
    </ClInclude>
    <ClInclude Include="xr_ioc_cmd.h">
      <Filter>Engine\Console\commands</Filter>
    </ClInclude>
    <ClInclude Include="Engine.h">
      <Filter>Engine\Core</Filter>
    </ClInclude>
    <ClInclude Include="EngineAPI.h">
      <Filter>Engine\Core</Filter>
    </ClInclude>
    <ClInclude Include="EventAPI.h">
      <Filter>Engine\Core</Filter>
    </ClInclude>
    <ClInclude Include="ai_script_lua_extension.h">
      <Filter>Engine\Core\Scripting</Filter>
    </ClInclude>
    <ClInclude Include="ai_script_lua_space.h">
      <Filter>Engine\Core\Scripting</Filter>
    </ClInclude>
    <ClInclude Include="ai_script_space.h">
      <Filter>Engine\Core\Scripting</Filter>
    </ClInclude>
    <ClInclude Include="perlin.h">
      <Filter>Engine\Noise</Filter>
    </ClInclude>
    <ClInclude Include="line_editor.h">
      <Filter>Engine\text_editor\line_editor</Filter>
    </ClInclude>
    <ClInclude Include="line_edit_control.h">
      <Filter>Engine\text_editor\line_editor_control</Filter>
    </ClInclude>
    <ClInclude Include="edit_actions.h">
      <Filter>Engine\text_editor\edit_actions</Filter>
    </ClInclude>
    <ClInclude Include="device.h">
      <Filter>RenderRef\Execution &amp; 3D\Device</Filter>
    </ClInclude>
    <ClInclude Include="StatGraph.h">
      <Filter>RenderRef\Execution &amp; 3D\Device</Filter>
    </ClInclude>
    <ClInclude Include="Stats.h">
      <Filter>RenderRef\Execution &amp; 3D\Device</Filter>
    </ClInclude>
    <ClInclude Include="Fmesh.h">
      <Filter>RenderRef\Execution &amp; 3D\Visuals</Filter>
    </ClInclude>
    <ClInclude Include="SkeletonMotionDefs.h">
      <Filter>RenderRef\Execution &amp; 3D\Visuals\Skeleton</Filter>
    </ClInclude>
    <ClInclude Include="SkeletonMotions.h">
      <Filter>RenderRef\Execution &amp; 3D\Visuals\Skeleton</Filter>
    </ClInclude>
    <ClInclude Include="doug_lea_memory_allocator.h">
      <Filter>RenderRef\doug_lea_memory_allocator</Filter>
    </ClInclude>
    <ClInclude Include="engine_impl.hpp">
      <Filter>editor\engine_impl</Filter>
    </ClInclude>
    <ClInclude Include="editor_environment_suns_manager.hpp">
      <Filter>editor\environment\suns_manager</Filter>
    </ClInclude>
    <ClInclude Include="editor_environment_suns_sun.hpp">
      <Filter>editor\environment\suns_manager\sun</Filter>
    </ClInclude>
    <ClInclude Include="editor_environment_suns_gradient.hpp">
      <Filter>editor\environment\suns_manager\sun\gradient</Filter>
    </ClInclude>
    <ClInclude Include="editor_environment_suns_blend.hpp">
      <Filter>editor\environment\suns_manager\sun\blend</Filter>
    </ClInclude>
    <ClInclude Include="editor_environment_suns_flares.hpp">
      <Filter>editor\environment\suns_manager\sun\flares</Filter>
    </ClInclude>
    <ClInclude Include="editor_environment_suns_flare.hpp">
      <Filter>editor\environment\suns_manager\sun\flares\flare</Filter>
    </ClInclude>
    <ClInclude Include="editor_environment_levels_manager.hpp">
      <Filter>editor\environment\levels_manager</Filter>
    </ClInclude>
    <ClInclude Include="editor_environment_effects_manager.hpp">
      <Filter>editor\environment\effects_manager</Filter>
    </ClInclude>
    <ClInclude Include="editor_environment_effects_effect.hpp">
      <Filter>editor\environment\effects_manager\effect</Filter>
    </ClInclude>
    <ClInclude Include="editor_environment_sound_channels_manager.hpp">
      <Filter>editor\environment\sound_channels_manager</Filter>
    </ClInclude>
    <ClInclude Include="editor_environment_sound_channels_channel.hpp">
      <Filter>editor\environment\sound_channels_manager\channel</Filter>
    </ClInclude>
    <ClInclude Include="editor_environment_sound_channels_source.hpp">
      <Filter>editor\environment\sound_channels_manager\channel\source</Filter>
    </ClInclude>
    <ClInclude Include="editor_environment_manager.hpp">
      <Filter>editor\environment\manager</Filter>
    </ClInclude>
    <ClInclude Include="editor_environment_ambients_manager.hpp">
      <Filter>editor\environment\ambients</Filter>
    </ClInclude>
    <ClInclude Include="editor_environment_ambients_ambient.hpp">
      <Filter>editor\environment\ambients\ambient</Filter>
    </ClInclude>
    <ClInclude Include="editor_environment_ambients_effect_id.hpp">
      <Filter>editor\environment\ambients\ambient\effect_id</Filter>
    </ClInclude>
    <ClInclude Include="editor_environment_ambients_sound_id.hpp">
      <Filter>editor\environment\ambients\ambient\sound_id</Filter>
    </ClInclude>
    <ClInclude Include="editor_environment_thunderbolts_manager.hpp">
      <Filter>editor\environment\thunderbolts</Filter>
    </ClInclude>
    <ClInclude Include="editor_environment_thunderbolts_thunderbolt.hpp">
      <Filter>editor\environment\thunderbolts\thunderbolt</Filter>
    </ClInclude>
    <ClInclude Include="editor_environment_thunderbolts_gradient.hpp">
      <Filter>editor\environment\thunderbolts\thunderbolt\gradient</Filter>
    </ClInclude>
    <ClInclude Include="editor_environment_thunderbolts_thunderbolt_id.hpp">
      <Filter>editor\environment\thunderbolts\thunderbolt_id</Filter>
    </ClInclude>
    <ClInclude Include="editor_environment_thunderbolts_collection.hpp">
      <Filter>editor\environment\thunderbolts\collection</Filter>
    </ClInclude>
    <ClInclude Include="editor_environment_weathers_manager.hpp">
      <Filter>editor\environment\weathers</Filter>
    </ClInclude>
    <ClInclude Include="editor_environment_weathers_weather.hpp">
      <Filter>editor\environment\weathers\weather</Filter>
    </ClInclude>
    <ClInclude Include="editor_environment_weathers_time.hpp">
      <Filter>editor\environment\weathers\weather\time</Filter>
    </ClInclude>
    <ClInclude Include="editor_environment_detail.hpp">
      <Filter>editor\environment\detail</Filter>
    </ClInclude>
    <ClInclude Include="property_collection.hpp">
      <Filter>editor\property_collection</Filter>
    </ClInclude>
    <ClInclude Include="property_collection_forward.hpp">
      <Filter>editor\property_collection</Filter>
    </ClInclude>
    <ClInclude Include="property_collection_inline.hpp">
      <Filter>editor\property_collection</Filter>
    </ClInclude>
    <ClInclude Include="ide.hpp">
      <Filter>editor\ide</Filter>
    </ClInclude>
    <ClInclude Include="xrSASH.h">
      <Filter>OpenAutomate</Filter>
    </ClInclude>
  </ItemGroup>
  <ItemGroup>
    <ClCompile Include="defines.cpp">
      <Filter>General</Filter>
    </ClCompile>
    <ClCompile Include="stdafx.cpp">
      <Filter>General</Filter>
    </ClCompile>
    <ClCompile Include="x_ray.cpp">
      <Filter>General</Filter>
    </ClCompile>
    <ClCompile Include="IInputReceiver.cpp">
      <Filter>Interfaces\Input</Filter>
    </ClCompile>
    <ClCompile Include="Xr_input.cpp">
      <Filter>Interfaces\Input</Filter>
    </ClCompile>
    <ClCompile Include="xr_input_xinput.cpp">
      <Filter>Interfaces\Input</Filter>
    </ClCompile>
    <ClCompile Include="ISheduled.cpp">
      <Filter>Interfaces\Sheduler</Filter>
    </ClCompile>
    <ClCompile Include="xrSheduler.cpp">
      <Filter>Interfaces\Sheduler</Filter>
    </ClCompile>
    <ClCompile Include="IRenderable.cpp">
      <Filter>Interfaces\Render</Filter>
    </ClCompile>
    <ClCompile Include="Render.cpp">
      <Filter>Interfaces\Render</Filter>
    </ClCompile>
    <ClCompile Include="ICollidable.cpp">
      <Filter>Interfaces\Collidable</Filter>
    </ClCompile>
    <ClCompile Include="phdebug.cpp">
      <Filter>Interfaces\Physics</Filter>
    </ClCompile>
    <ClCompile Include="IGame_Level.cpp">
      <Filter>Game API</Filter>
    </ClCompile>
    <ClCompile Include="IGame_Level_check_textures.cpp">
      <Filter>Game API</Filter>
    </ClCompile>
    <ClCompile Include="IGame_Persistent.cpp">
      <Filter>Game API</Filter>
    </ClCompile>
    <ClCompile Include="IGame_ObjectPool.cpp">
      <Filter>Game API\Objects</Filter>
    </ClCompile>
    <ClCompile Include="pure_relcase.cpp">
      <Filter>Game API\Objects</Filter>
    </ClCompile>
    <ClCompile Include="xr_object.cpp">
      <Filter>Game API\Objects</Filter>
    </ClCompile>
    <ClCompile Include="xr_object_list.cpp">
      <Filter>Game API\Objects</Filter>
    </ClCompile>
    <ClCompile Include="CustomHUD.cpp">
      <Filter>Game API\HUD</Filter>
    </ClCompile>
    <ClCompile Include="Environment.cpp">
      <Filter>Game API\Environment</Filter>
    </ClCompile>
    <ClCompile Include="Environment_misc.cpp">
      <Filter>Game API\Environment</Filter>
    </ClCompile>
    <ClCompile Include="Environment_render.cpp">
      <Filter>Game API\Environment</Filter>
    </ClCompile>
    <ClCompile Include="xrHemisphere.cpp">
      <Filter>Game API\Environment</Filter>
    </ClCompile>
    <ClCompile Include="Rain.cpp">
      <Filter>Game API\Environment\Effects</Filter>
    </ClCompile>
    <ClCompile Include="thunderbolt.cpp">
      <Filter>Game API\Environment\Effects</Filter>
    </ClCompile>
    <ClCompile Include="xr_efflensflare.cpp">
      <Filter>Game API\Environment\Effects</Filter>
    </ClCompile>
    <ClCompile Include="CameraBase.cpp">
      <Filter>Game API\Cameras</Filter>
    </ClCompile>
    <ClCompile Include="CameraManager.cpp">
      <Filter>Game API\Cameras</Filter>
    </ClCompile>
    <ClCompile Include="Effector.cpp">
      <Filter>Game API\Cameras</Filter>
    </ClCompile>
    <ClCompile Include="EffectorPP.cpp">
      <Filter>Game API\Cameras</Filter>
    </ClCompile>
    <ClCompile Include="cf_dynamic_mesh.cpp">
      <Filter>Game API\Collision</Filter>
    </ClCompile>
    <ClCompile Include="xr_collide_form.cpp">
      <Filter>Game API\Collision</Filter>
    </ClCompile>
    <ClCompile Include="bone.cpp">
      <Filter>Game API\Animator</Filter>
    </ClCompile>
    <ClCompile Include="Envelope.cpp">
      <Filter>Game API\Animator</Filter>
    </ClCompile>
    <ClCompile Include="interp.cpp">
      <Filter>Game API\Animator</Filter>
    </ClCompile>
    <ClCompile Include="motion.cpp">
      <Filter>Game API\Animator</Filter>
    </ClCompile>
    <ClCompile Include="ObjectAnimator.cpp">
      <Filter>Game API\Animator</Filter>
    </ClCompile>
    <ClCompile Include="Feel_Touch.cpp">
      <Filter>Game API\Feelers</Filter>
    </ClCompile>
    <ClCompile Include="Feel_Vision.cpp">
      <Filter>Game API\Feelers</Filter>
    </ClCompile>
    <ClCompile Include="FDemoPlay.cpp">
      <Filter>Game API\Demo</Filter>
    </ClCompile>
    <ClCompile Include="FDemoRecord.cpp">
      <Filter>Game API\Demo</Filter>
    </ClCompile>
    <ClCompile Include="GameMtlLib.cpp">
      <Filter>Game API\GameMaterials</Filter>
    </ClCompile>
    <ClCompile Include="GameMtlLib_Engine.cpp">
      <Filter>Game API\GameMaterials</Filter>
    </ClCompile>
    <ClCompile Include="ObjectDump.cpp">
      <Filter>Game API\Debug</Filter>
    </ClCompile>
    <ClCompile Include="PS_instance.cpp">
      <Filter>Render\Particle system</Filter>
    </ClCompile>
    <ClCompile Include="LightAnimLibrary.cpp">
      <Filter>Render\Lighting</Filter>
    </ClCompile>
    <ClCompile Include="GameFont.cpp">
      <Filter>Render\Font output</Filter>
    </ClCompile>
    <ClCompile Include="MbHelpers.cpp">
      <Filter>Render\Font output</Filter>
    </ClCompile>
    <ClCompile Include="tntQAVI.cpp">
      <Filter>Render\Execution &amp; 3D\Shaders\Textures</Filter>
    </ClCompile>
    <ClCompile Include="xrImage_Resampler.cpp">
      <Filter>Render\Execution &amp; 3D\Shaders\Textures</Filter>
    </ClCompile>
    <ClCompile Include="xrTheora_Stream.cpp">
      <Filter>Render\Execution &amp; 3D\Shaders\Textures</Filter>
    </ClCompile>
    <ClCompile Include="xrTheora_Surface.cpp">
      <Filter>Render\Execution &amp; 3D\Shaders\Textures</Filter>
    </ClCompile>
    <ClCompile Include="xrTheora_Surface_mmx.cpp">
      <Filter>Render\Execution &amp; 3D\Shaders\Textures</Filter>
    </ClCompile>
    <ClCompile Include="Text_Console.cpp">
      <Filter>Render\Execution &amp; 3D\TextConsole</Filter>
    </ClCompile>
    <ClCompile Include="Text_Console_WndProc.cpp">
      <Filter>Render\Execution &amp; 3D\TextConsole</Filter>
    </ClCompile>
    <ClCompile Include="pure.cpp">
      <Filter>Engine</Filter>
    </ClCompile>
    <ClCompile Include="XR_IOConsole.cpp">
      <Filter>Engine\Console</Filter>
    </ClCompile>
    <ClCompile Include="XR_IOConsole_callback.cpp">
      <Filter>Engine\Console</Filter>
    </ClCompile>
    <ClCompile Include="XR_IOConsole_control.cpp">
      <Filter>Engine\Console</Filter>
    </ClCompile>
    <ClCompile Include="XR_IOConsole_get.cpp">
      <Filter>Engine\Console</Filter>
    </ClCompile>
    <ClCompile Include="xr_ioc_cmd.cpp">
      <Filter>Engine\Console\commands</Filter>
    </ClCompile>
    <ClCompile Include="Engine.cpp">
      <Filter>Engine\Core</Filter>
    </ClCompile>
    <ClCompile Include="EngineAPI.cpp">
      <Filter>Engine\Core</Filter>
    </ClCompile>
    <ClCompile Include="EventAPI.cpp">
      <Filter>Engine\Core</Filter>
    </ClCompile>
    <ClCompile Include="mailSlot.cpp">
      <Filter>Engine\Core</Filter>
    </ClCompile>
    <ClCompile Include="_scripting.cpp">
      <Filter>Engine\Core\Scripting</Filter>
    </ClCompile>
    <ClCompile Include="ai_script_lua_debug.cpp">
      <Filter>Engine\Core\Scripting</Filter>
    </ClCompile>
    <ClCompile Include="ai_script_lua_extension.cpp">
      <Filter>Engine\Core\Scripting</Filter>
    </ClCompile>
    <ClCompile Include="perlin.cpp">
      <Filter>Engine\Noise</Filter>
    </ClCompile>
    <ClCompile Include="line_editor.cpp">
      <Filter>Engine\text_editor\line_editor</Filter>
    </ClCompile>
    <ClCompile Include="line_edit_control.cpp">
      <Filter>Engine\text_editor\line_editor_control</Filter>
    </ClCompile>
    <ClCompile Include="edit_actions.cpp">
      <Filter>Engine\text_editor\edit_actions</Filter>
    </ClCompile>
    <ClCompile Include="device.cpp">
      <Filter>RenderRef\Execution &amp; 3D\Device</Filter>
    </ClCompile>
    <ClCompile Include="Device_create.cpp">
      <Filter>RenderRef\Execution &amp; 3D\Device</Filter>
    </ClCompile>
    <ClCompile Include="Device_destroy.cpp">
      <Filter>RenderRef\Execution &amp; 3D\Device</Filter>
    </ClCompile>
    <ClCompile Include="Device_Initialize.cpp">
      <Filter>RenderRef\Execution &amp; 3D\Device</Filter>
    </ClCompile>
    <ClCompile Include="Device_Misc.cpp">
      <Filter>RenderRef\Execution &amp; 3D\Device</Filter>
    </ClCompile>
    <ClCompile Include="Device_overdraw.cpp">
      <Filter>RenderRef\Execution &amp; 3D\Device</Filter>
    </ClCompile>
    <ClCompile Include="Device_wndproc.cpp">
      <Filter>RenderRef\Execution &amp; 3D\Device</Filter>
    </ClCompile>
    <ClCompile Include="StatGraph.cpp">
      <Filter>RenderRef\Execution &amp; 3D\Device</Filter>
    </ClCompile>
    <ClCompile Include="Stats.cpp">
      <Filter>RenderRef\Execution &amp; 3D\Device</Filter>
    </ClCompile>
    <ClCompile Include="fmesh.cpp">
      <Filter>RenderRef\Execution &amp; 3D\Visuals</Filter>
    </ClCompile>
    <ClCompile Include="SkeletonMotions.cpp">
      <Filter>RenderRef\Execution &amp; 3D\Visuals\Skeleton</Filter>
    </ClCompile>
    <ClCompile Include="doug_lea_memory_allocator.c">
      <Filter>RenderRef\doug_lea_memory_allocator</Filter>
    </ClCompile>
    <ClCompile Include="engine_impl.cpp">
      <Filter>editor\engine_impl</Filter>
    </ClCompile>
    <ClCompile Include="editor_environment_suns_manager.cpp">
      <Filter>editor\environment\suns_manager</Filter>
    </ClCompile>
    <ClCompile Include="editor_environment_suns_sun.cpp">
      <Filter>editor\environment\suns_manager\sun</Filter>
    </ClCompile>
    <ClCompile Include="editor_environment_suns_gradient.cpp">
      <Filter>editor\environment\suns_manager\sun\gradient</Filter>
    </ClCompile>
    <ClCompile Include="editor_environment_suns_blend.cpp">
      <Filter>editor\environment\suns_manager\sun\blend</Filter>
    </ClCompile>
    <ClCompile Include="editor_environment_suns_flares.cpp">
      <Filter>editor\environment\suns_manager\sun\flares</Filter>
    </ClCompile>
    <ClCompile Include="editor_environment_suns_flare.cpp">
      <Filter>editor\environment\suns_manager\sun\flares\flare</Filter>
    </ClCompile>
    <ClCompile Include="editor_environment_levels_manager.cpp">
      <Filter>editor\environment\levels_manager</Filter>
    </ClCompile>
    <ClCompile Include="editor_environment_effects_manager.cpp">
      <Filter>editor\environment\effects_manager</Filter>
    </ClCompile>
    <ClCompile Include="editor_environment_effects_effect.cpp">
      <Filter>editor\environment\effects_manager\effect</Filter>
    </ClCompile>
    <ClCompile Include="editor_environment_sound_channels_manager.cpp">
      <Filter>editor\environment\sound_channels_manager</Filter>
    </ClCompile>
    <ClCompile Include="editor_environment_sound_channels_channel.cpp">
      <Filter>editor\environment\sound_channels_manager\channel</Filter>
    </ClCompile>
    <ClCompile Include="editor_environment_sound_channels_source.cpp">
      <Filter>editor\environment\sound_channels_manager\channel\source</Filter>
    </ClCompile>
    <ClCompile Include="editor_environment_manager.cpp">
      <Filter>editor\environment\manager</Filter>
    </ClCompile>
    <ClCompile Include="editor_environment_manager_properties.cpp">
      <Filter>editor\environment\manager</Filter>
    </ClCompile>
    <ClCompile Include="editor_environment_ambients_manager.cpp">
      <Filter>editor\environment\ambients</Filter>
    </ClCompile>
    <ClCompile Include="editor_environment_ambients_ambient.cpp">
      <Filter>editor\environment\ambients\ambient</Filter>
    </ClCompile>
    <ClCompile Include="editor_environment_ambients_effect_id.cpp">
      <Filter>editor\environment\ambients\ambient\effect_id</Filter>
    </ClCompile>
    <ClCompile Include="editor_environment_ambients_sound_id.cpp">
      <Filter>editor\environment\ambients\ambient\sound_id</Filter>
    </ClCompile>
    <ClCompile Include="editor_environment_thunderbolts_manager.cpp">
      <Filter>editor\environment\thunderbolts</Filter>
    </ClCompile>
    <ClCompile Include="editor_environment_thunderbolts_thunderbolt.cpp">
      <Filter>editor\environment\thunderbolts\thunderbolt</Filter>
    </ClCompile>
    <ClCompile Include="editor_environment_thunderbolts_gradient.cpp">
      <Filter>editor\environment\thunderbolts\thunderbolt\gradient</Filter>
    </ClCompile>
    <ClCompile Include="editor_environment_thunderbolts_thunderbolt_id.cpp">
      <Filter>editor\environment\thunderbolts\thunderbolt_id</Filter>
    </ClCompile>
    <ClCompile Include="editor_environment_thunderbolts_collection.cpp">
      <Filter>editor\environment\thunderbolts\collection</Filter>
    </ClCompile>
    <ClCompile Include="editor_environment_weathers_manager.cpp">
      <Filter>editor\environment\weathers</Filter>
    </ClCompile>
    <ClCompile Include="editor_environment_weathers_weather.cpp">
      <Filter>editor\environment\weathers\weather</Filter>
    </ClCompile>
    <ClCompile Include="editor_environment_weathers_time.cpp">
      <Filter>editor\environment\weathers\weather\time</Filter>
    </ClCompile>
    <ClCompile Include="editor_environment_detail.cpp">
      <Filter>editor\environment\detail</Filter>
    </ClCompile>
    <ClCompile Include="xrSASH.cpp">
      <Filter>OpenAutomate</Filter>
    </ClCompile>
  </ItemGroup>
  <ItemGroup>
    <ResourceCompile Include="resource.rc">
      <Filter>General\Resources</Filter>
    </ResourceCompile>
  </ItemGroup>
  <ItemGroup>
    <Image Include="splash_xrcs_en.bmp">
      <Filter>General\Resources</Filter>
    </Image>
    <Image Include="stalker_cs.ico">
      <Filter>General\Resources</Filter>
    </Image>
  </ItemGroup>
  <ItemGroup>
    <None Include="My Amplifier Results\r000hs\r000hs.ampl">
      <Filter>My Amplifier Results</Filter>
    </None>
    <None Include="My Amplifier Results\r001hs\r001hs.ampl">
      <Filter>My Amplifier Results</Filter>
    </None>
    <None Include="My Amplifier Results\r002cc\r002cc.ampl">
      <Filter>My Amplifier Results</Filter>
    </None>
  </ItemGroup>
  <ItemGroup>
    <Text Include="ClientServer.txt" />
    <Text Include="Effects description.txt" />
    <Text Include="features.txt" />
    <Text Include="TODO.txt" />
  </ItemGroup>
</Project>