<?xml version="1.0" encoding="utf-8"?>
<Project ToolsVersion="4.0" xmlns="http://schemas.microsoft.com/developer/msbuild/2003">
  <ItemGroup>
    <Filter Include="Edit">
      <UniqueIdentifier>{4bd9bf5b-85b2-4418-8f9c-4cfe3280fe76}</UniqueIdentifier>
    </Filter>
    <Filter Include="UI">
      <UniqueIdentifier>{8de59519-90ea-45b4-aa15-357dbcb5c246}</UniqueIdentifier>
    </Filter>
    <Filter Include="Engine">
      <UniqueIdentifier>{d1483583-4055-4c23-bc0e-cd2774fa481f}</UniqueIdentifier>
    </Filter>
    <Filter Include="Render">
      <UniqueIdentifier>{820cd9c6-8985-464f-82cf-f053ef14ef09}</UniqueIdentifier>
    </Filter>
    <Filter Include="ServerEntities">
      <UniqueIdentifier>{04a1bd6e-c754-494c-9fa6-1fbe7ef47912}</UniqueIdentifier>
    </Filter>
    <Filter Include="UI\Tools">
      <UniqueIdentifier>{3e179e6c-ce08-4955-a1ad-7b268a674b30}</UniqueIdentifier>
    </Filter>
    <Filter Include="AI">
      <UniqueIdentifier>{3c668c27-43ef-4094-ada1-0cd394721cb4}</UniqueIdentifier>
    </Filter>
    <Filter Include="AI\Search">
      <UniqueIdentifier>{1fa59ab4-7448-44cc-8dfb-6c55733a77c1}</UniqueIdentifier>
    </Filter>
    <Filter Include="AI\Search\graph_engine">
      <UniqueIdentifier>{b782a041-ec9c-41c5-b945-a4849056c1f9}</UniqueIdentifier>
    </Filter>
    <Filter Include="AI\Search\graphs">
      <UniqueIdentifier>{6bc284e5-db2b-4b73-b720-51b6a84f7a5a}</UniqueIdentifier>
    </Filter>
    <Filter Include="AI\Search\graphs\cross_table">
      <UniqueIdentifier>{c10776f4-c66c-4a11-9a19-02eebac07dcd}</UniqueIdentifier>
    </Filter>
    <Filter Include="AI\Search\graphs\game_graph">
      <UniqueIdentifier>{b5930a3c-56a4-4109-9f93-a2406cdeaabe}</UniqueIdentifier>
    </Filter>
    <Filter Include="AI\Search\graphs\level_graph">
      <UniqueIdentifier>{a4bbde44-70c6-48d1-aa75-e9bf87969fe1}</UniqueIdentifier>
    </Filter>
    <Filter Include="AI\Search\path_managers">
      <UniqueIdentifier>{f41f8ee3-c6f7-4d54-b8ec-400f54eb6fc3}</UniqueIdentifier>
    </Filter>
    <Filter Include="AI\Search\path_managers\path_manager_game">
      <UniqueIdentifier>{49ae75e5-b693-4224-a73a-84d402e9000e}</UniqueIdentifier>
    </Filter>
    <Filter Include="AI\Search\path_managers\path_manager_level">
      <UniqueIdentifier>{04f72b5b-17b9-4227-8b31-dcc7144a6814}</UniqueIdentifier>
    </Filter>
    <Filter Include="AI\Search\path_managers\path_manager_generic">
      <UniqueIdentifier>{2161e938-fb68-460a-beb9-819ec38cea95}</UniqueIdentifier>
    </Filter>
    <Filter Include="AI\Search\path_managers\path_manager_params">
      <UniqueIdentifier>{e6a2b769-19a6-489b-a9f9-a91f6623b1d3}</UniqueIdentifier>
    </Filter>
    <Filter Include="AI\Search\path_managers\path_manager_level\path_manager_level_evaluator">
      <UniqueIdentifier>{0276d1de-9bba-4088-9fcc-6262d9d8be8e}</UniqueIdentifier>
    </Filter>
    <Filter Include="AI\Search\path_managers\path_manager_level\path_manager_level_flooder">
      <UniqueIdentifier>{87c07214-7746-4742-8e69-4d6b0be97910}</UniqueIdentifier>
    </Filter>
    <Filter Include="AI\Search\path_managers\path_manager_level\path_manager_level_straight_line">
      <UniqueIdentifier>{0967dbdf-ecdc-481b-97d6-1f321fdf2084}</UniqueIdentifier>
    </Filter>
    <Filter Include="AI\Search\path_managers\path_manager_game\path_manager_game_level">
      <UniqueIdentifier>{394b2a1c-dc28-49f3-8ea9-b04ee8b2d05c}</UniqueIdentifier>
    </Filter>
    <Filter Include="AI\Search\path_managers\path_manager_game\path_manager_game_vertex_type">
      <UniqueIdentifier>{53c2aed7-402b-4ffb-86e4-d3ad202135cd}</UniqueIdentifier>
    </Filter>
    <Filter Include="AI\Graph">
      <UniqueIdentifier>{7ce20d77-47e0-4b66-aa94-0b778a4d2a03}</UniqueIdentifier>
    </Filter>
    <Filter Include="AI\Spawn">
      <UniqueIdentifier>{bca369de-99d9-4f6b-a8f9-d52fbe8534b5}</UniqueIdentifier>
    </Filter>
    <Filter Include="AI\Spawn\patrol_paths">
      <UniqueIdentifier>{60a78b6e-ab39-41f7-9582-ee4ffd5d16c9}</UniqueIdentifier>
    </Filter>
    <Filter Include="AI\Spawn\patrol_paths\patrol_path_storage">
      <UniqueIdentifier>{469d70f5-f951-4263-9dc0-a23a46df4a4a}</UniqueIdentifier>
    </Filter>
    <Filter Include="AI\Spawn\patrol_paths\patrol_path">
      <UniqueIdentifier>{1414ba2d-41bc-4d62-a9f1-f96f3879cc88}</UniqueIdentifier>
    </Filter>
    <Filter Include="AI\Spawn\patrol_paths\patrol_point">
      <UniqueIdentifier>{c44768c9-913a-4756-b8ed-a981855e3bd6}</UniqueIdentifier>
    </Filter>
    <Filter Include="AI\Spawn\level_spawn_constructor">
      <UniqueIdentifier>{c0e4b91e-af20-4b55-9c6d-92ffea0cafd7}</UniqueIdentifier>
    </Filter>
    <Filter Include="AI\Spawn\level_spawn_constructor\space_restrictor_wrapper">
      <UniqueIdentifier>{88fae68d-cece-4278-8ac9-922416a994cb}</UniqueIdentifier>
    </Filter>
    <Filter Include="AI\Spawn\game_spawn_constructor">
      <UniqueIdentifier>{4360a9ce-2e77-499f-a22d-5c6b8c05d14f}</UniqueIdentifier>
    </Filter>
  </ItemGroup>
  <ItemGroup>
    <ClCompile Include="Edit\SceneSummaryInfo.cpp">
      <Filter>Edit</Filter>
    </ClCompile>
    <ClCompile Include="Edit\SceneUndo.cpp">
      <Filter>Edit</Filter>
    </ClCompile>
    <ClCompile Include="Edit\SceneUtil.cpp">
      <Filter>Edit</Filter>
    </ClCompile>
    <ClCompile Include="Edit\sector.cpp">
      <Filter>Edit</Filter>
    </ClCompile>
    <ClCompile Include="Edit\SoundManager_LE.cpp">
      <Filter>Edit</Filter>
    </ClCompile>
    <ClCompile Include="Edit\SpawnPoint.cpp">
      <Filter>Edit</Filter>
    </ClCompile>
    <ClCompile Include="Edit\UI_LevelMain.cpp">
      <Filter>Edit</Filter>
    </ClCompile>
    <ClCompile Include="Edit\UI_LevelTools.cpp">
      <Filter>Edit</Filter>
    </ClCompile>
    <ClCompile Include="Edit\WayPoint.cpp">
      <Filter>Edit</Filter>
    </ClCompile>
    <ClCompile Include="Edit\Builder.cpp">
      <Filter>Edit</Filter>
    </ClCompile>
    <ClCompile Include="Edit\BuilderCF.cpp">
      <Filter>Edit</Filter>
    </ClCompile>
    <ClCompile Include="Edit\BuilderCore.cpp">
      <Filter>Edit</Filter>
    </ClCompile>
    <ClCompile Include="Edit\BuilderGame.cpp">
      <Filter>Edit</Filter>
    </ClCompile>
    <ClCompile Include="Edit\BuilderLODs.cpp">
      <Filter>Edit</Filter>
    </ClCompile>
    <ClCompile Include="Edit\BuilderLTX.cpp">
      <Filter>Edit</Filter>
    </ClCompile>
    <ClCompile Include="Edit\BuilderOGF.cpp">
      <Filter>Edit</Filter>
    </ClCompile>
    <ClCompile Include="Edit\BuilderRemote.cpp">
      <Filter>Edit</Filter>
    </ClCompile>
    <ClCompile Include="Edit\Cursor3D.cpp">
      <Filter>Edit</Filter>
    </ClCompile>
    <ClCompile Include="Edit\Custom2DProjector.cpp">
      <Filter>Edit</Filter>
    </ClCompile>
    <ClCompile Include="Edit\CustomObject.cpp">
      <Filter>Edit</Filter>
    </ClCompile>
    <ClCompile Include="Edit\CustomObjectAnimation.cpp">
      <Filter>Edit</Filter>
    </ClCompile>
    <ClCompile Include="Edit\CustomObjectLE.cpp">
      <Filter>Edit</Filter>
    </ClCompile>
    <ClCompile Include="Edit\EditObjectExportLWO.cpp">
      <Filter>Edit</Filter>
    </ClCompile>
    <ClCompile Include="Edit\ELight.cpp">
      <Filter>Edit</Filter>
    </ClCompile>
    <ClCompile Include="Edit\ELight_IO.cpp">
      <Filter>Edit</Filter>
    </ClCompile>
    <ClCompile Include="Edit\ELight_props.cpp">
      <Filter>Edit</Filter>
    </ClCompile>
    <ClCompile Include="Edit\EParticlesObject.cpp">
      <Filter>Edit</Filter>
    </ClCompile>
    <ClCompile Include="Edit\ESceneAIMapControls.cpp">
      <Filter>Edit</Filter>
    </ClCompile>
    <ClCompile Include="Edit\ESceneAIMapTools.cpp">
      <Filter>Edit</Filter>
    </ClCompile>
    <ClCompile Include="Edit\ESceneAIMapTools_Controls.cpp">
      <Filter>Edit</Filter>
    </ClCompile>
    <ClCompile Include="Edit\ESceneAIMapTools_Export.cpp">
      <Filter>Edit</Filter>
    </ClCompile>
    <ClCompile Include="Edit\ESceneAIMapTools_Generate.cpp">
      <Filter>Edit</Filter>
    </ClCompile>
    <ClCompile Include="Edit\ESceneAIMapTools_MotionSimulator.cpp">
      <Filter>Edit</Filter>
    </ClCompile>
    <ClCompile Include="Edit\ESceneAIMapTools_Pick.cpp">
      <Filter>Edit</Filter>
    </ClCompile>
    <ClCompile Include="Edit\ESceneAIMapTools_Render.cpp">
      <Filter>Edit</Filter>
    </ClCompile>
    <ClCompile Include="Edit\ESceneControlsCustom.cpp">
      <Filter>Edit</Filter>
    </ClCompile>
    <ClCompile Include="Edit\ESceneCustomMTools.cpp">
      <Filter>Edit</Filter>
    </ClCompile>
    <ClCompile Include="Edit\ESceneCustomMToolsControls.cpp">
      <Filter>Edit</Filter>
    </ClCompile>
    <ClCompile Include="Edit\ESceneCustomOTools.cpp">
      <Filter>Edit</Filter>
    </ClCompile>
    <ClCompile Include="Edit\ESceneCustomOToolsFactory.cpp">
      <Filter>Edit</Filter>
    </ClCompile>
    <ClCompile Include="Edit\ESceneCustomOToolsIO.cpp">
      <Filter>Edit</Filter>
    </ClCompile>
    <ClCompile Include="Edit\ESceneDOTools.cpp">
      <Filter>Edit</Filter>
    </ClCompile>
    <ClCompile Include="Edit\ESceneDOTools_Controls.cpp">
      <Filter>Edit</Filter>
    </ClCompile>
    <ClCompile Include="Edit\ESceneDOTools_Generate.cpp">
      <Filter>Edit</Filter>
    </ClCompile>
    <ClCompile Include="Edit\ESceneDOTools_Pick.cpp">
      <Filter>Edit</Filter>
    </ClCompile>
    <ClCompile Include="Edit\ESceneDummyTools.cpp">
      <Filter>Edit</Filter>
    </ClCompile>
    <ClCompile Include="Edit\ESceneFogVolumeTools.cpp">
      <Filter>Edit</Filter>
    </ClCompile>
    <ClCompile Include="Edit\ESceneGlowTools.cpp">
      <Filter>Edit</Filter>
    </ClCompile>
    <ClCompile Include="Edit\ESceneGlowToolsIO.cpp">
      <Filter>Edit</Filter>
    </ClCompile>
    <ClCompile Include="Edit\ESceneGroupControls.cpp">
      <Filter>Edit</Filter>
    </ClCompile>
    <ClCompile Include="Edit\ESceneGroupTools.cpp">
      <Filter>Edit</Filter>
    </ClCompile>
    <ClCompile Include="Edit\ESceneGroupToolsIO.cpp">
      <Filter>Edit</Filter>
    </ClCompile>
    <ClCompile Include="Edit\ESceneLightTools.cpp">
      <Filter>Edit</Filter>
    </ClCompile>
    <ClCompile Include="Edit\ESceneLightToolsIO.cpp">
      <Filter>Edit</Filter>
    </ClCompile>
    <ClCompile Include="Edit\ESceneObjectControls.cpp">
      <Filter>Edit</Filter>
    </ClCompile>
    <ClCompile Include="Edit\ESceneObjectTools.cpp">
      <Filter>Edit</Filter>
    </ClCompile>
    <ClCompile Include="Edit\ESceneObjectToolsExportBreakable.cpp">
      <Filter>Edit</Filter>
    </ClCompile>
    <ClCompile Include="Edit\ESceneObjectToolsIO.cpp">
      <Filter>Edit</Filter>
    </ClCompile>
    <ClCompile Include="Edit\EScenePortalControls.cpp">
      <Filter>Edit</Filter>
    </ClCompile>
    <ClCompile Include="Edit\EScenePortalTools.cpp">
      <Filter>Edit</Filter>
    </ClCompile>
    <ClCompile Include="Edit\EScenePortalToolsIO.cpp">
      <Filter>Edit</Filter>
    </ClCompile>
    <ClCompile Include="Edit\EScenePSControls.cpp">
      <Filter>Edit</Filter>
    </ClCompile>
    <ClCompile Include="Edit\EScenePSTools.cpp">
      <Filter>Edit</Filter>
    </ClCompile>
    <ClCompile Include="Edit\EScenePSToolsIO.cpp">
      <Filter>Edit</Filter>
    </ClCompile>
    <ClCompile Include="Edit\ESceneSectorControls.cpp">
      <Filter>Edit</Filter>
    </ClCompile>
    <ClCompile Include="Edit\ESceneSectorTools.cpp">
      <Filter>Edit</Filter>
    </ClCompile>
    <ClCompile Include="Edit\ESceneSectorToolsIO.cpp">
      <Filter>Edit</Filter>
    </ClCompile>
    <ClCompile Include="Edit\ESceneShapeControls.cpp">
      <Filter>Edit</Filter>
    </ClCompile>
    <ClCompile Include="Edit\ESceneShapeTools.cpp">
      <Filter>Edit</Filter>
    </ClCompile>
    <ClCompile Include="Edit\ESceneShapeToolsIO.cpp">
      <Filter>Edit</Filter>
    </ClCompile>
    <ClCompile Include="Edit\ESceneSoundEnvTools.cpp">
      <Filter>Edit</Filter>
    </ClCompile>
    <ClCompile Include="Edit\ESceneSoundEnvToolsIO.cpp">
      <Filter>Edit</Filter>
    </ClCompile>
    <ClCompile Include="Edit\ESceneSoundSrcTools.cpp">
      <Filter>Edit</Filter>
    </ClCompile>
    <ClCompile Include="Edit\ESceneSoundSrcToolsIO.cpp">
      <Filter>Edit</Filter>
    </ClCompile>
    <ClCompile Include="Edit\ESceneSpawnControls.cpp">
      <Filter>Edit</Filter>
    </ClCompile>
    <ClCompile Include="Edit\ESceneSpawnTools.cpp">
      <Filter>Edit</Filter>
    </ClCompile>
    <ClCompile Include="Edit\ESceneSpawnToolsIO.cpp">
      <Filter>Edit</Filter>
    </ClCompile>
    <ClCompile Include="Edit\ESceneWallmarkControls.cpp">
      <Filter>Edit</Filter>
    </ClCompile>
    <ClCompile Include="Edit\ESceneWallmarkTools.cpp">
      <Filter>Edit</Filter>
    </ClCompile>
    <ClCompile Include="Edit\ESceneWayControls.cpp">
      <Filter>Edit</Filter>
    </ClCompile>
    <ClCompile Include="Edit\ESceneWayTools.cpp">
      <Filter>Edit</Filter>
    </ClCompile>
    <ClCompile Include="Edit\ESceneWayToolsIO.cpp">
      <Filter>Edit</Filter>
    </ClCompile>
    <ClCompile Include="Edit\EShape.cpp">
      <Filter>Edit</Filter>
    </ClCompile>
    <ClCompile Include="Edit\ESound_Environment.cpp">
      <Filter>Edit</Filter>
    </ClCompile>
    <ClCompile Include="Edit\ESound_Source.cpp">
      <Filter>Edit</Filter>
    </ClCompile>
    <ClCompile Include="Edit\FS2.cpp">
      <Filter>Edit</Filter>
    </ClCompile>
    <ClCompile Include="Edit\GeometryPartExtractor.cpp">
      <Filter>Edit</Filter>
    </ClCompile>
    <ClCompile Include="Edit\glow.cpp">
      <Filter>Edit</Filter>
    </ClCompile>
    <ClCompile Include="Edit\GroupObject.cpp">
      <Filter>Edit</Filter>
    </ClCompile>
    <ClCompile Include="Edit\GroupObjectUtils.cpp">
      <Filter>Edit</Filter>
    </ClCompile>
    <ClCompile Include="Edit\LevelPreferences.cpp">
      <Filter>Edit</Filter>
    </ClCompile>
    <ClCompile Include="Edit\portal.cpp">
      <Filter>Edit</Filter>
    </ClCompile>
    <ClCompile Include="Edit\portalutils.cpp">
      <Filter>Edit</Filter>
    </ClCompile>
    <ClCompile Include="Edit\scene.cpp">
      <Filter>Edit</Filter>
    </ClCompile>
    <ClCompile Include="Edit\Scene_Tools.cpp">
      <Filter>Edit</Filter>
    </ClCompile>
    <ClCompile Include="Edit\SceneIO.cpp">
      <Filter>Edit</Filter>
    </ClCompile>
    <ClCompile Include="Edit\SceneObject.cpp">
      <Filter>Edit</Filter>
    </ClCompile>
    <ClCompile Include="Edit\SceneObjectIO.cpp">
      <Filter>Edit</Filter>
    </ClCompile>
    <ClCompile Include="Edit\ScenePick.cpp">
      <Filter>Edit</Filter>
    </ClCompile>
    <ClCompile Include="Edit\SceneRender.cpp">
      <Filter>Edit</Filter>
    </ClCompile>
    <ClCompile Include="Edit\SceneSelection.cpp">
      <Filter>Edit</Filter>
    </ClCompile>
    <ClCompile Include="Edit\SceneSnap.cpp">
      <Filter>Edit</Filter>
    </ClCompile>
    <ClCompile Include="LEPhysics.cpp" />
    <ClCompile Include="stdafx.cpp" />
    <ClCompile Include="UI\UITopBarForm.cpp">
      <Filter>UI</Filter>
    </ClCompile>
    <ClCompile Include="UI\UILeftBarForm.cpp">
      <Filter>UI</Filter>
    </ClCompile>
    <ClCompile Include="UI\UIMainForm.cpp">
      <Filter>UI</Filter>
    </ClCompile>
    <ClCompile Include="UI\UIMainMenuForm.cpp">
      <Filter>UI</Filter>
    </ClCompile>
    <ClCompile Include="LevelEditor.cpp" />
    <ClCompile Include="iniStreamImpl.cpp" />
    <ClCompile Include="..\..\XrRender\Private\DetailManager.cpp">
      <Filter>Render</Filter>
    </ClCompile>
    <ClCompile Include="..\..\XrRender\Private\DetailManager_VS.cpp">
      <Filter>Render</Filter>
    </ClCompile>
    <ClCompile Include="..\..\XrRender\Private\DetailManager_Decompress.cpp">
      <Filter>Render</Filter>
    </ClCompile>
    <ClCompile Include="..\..\XrRender\Private\DetailManager_soft.cpp">
      <Filter>Render</Filter>
    </ClCompile>
    <ClCompile Include="..\..\XrRender\Private\DetailManager_CACHE.cpp">
      <Filter>Render</Filter>
    </ClCompile>
    <ClCompile Include="..\..\XrRender\Private\stats_manager.cpp">
      <Filter>Render</Filter>
    </ClCompile>
    <ClCompile Include="UI\Tools\UILightTool.cpp">
      <Filter>UI\Tools</Filter>
    </ClCompile>
    <ClCompile Include="UI\UILPropertiesFrom.cpp">
      <Filter>UI</Filter>
    </ClCompile>
    <ClCompile Include="UI\Tools\UIObjectTool.cpp">
      <Filter>UI\Tools</Filter>
    </ClCompile>
    <ClCompile Include="UI\UIPropertiesModal.cpp">
      <Filter>UI</Filter>
    </ClCompile>
    <ClCompile Include="UI\Tools\UISpawnTool.cpp">
      <Filter>UI\Tools</Filter>
    </ClCompile>
    <ClCompile Include="UI\Tools\UIShapeTool.cpp">
      <Filter>UI\Tools</Filter>
    </ClCompile>
    <ClCompile Include="UI\Tools\UIWayTool.cpp">
      <Filter>UI\Tools</Filter>
    </ClCompile>
    <ClCompile Include="UI\Tools\UISectorTool.cpp">
      <Filter>UI\Tools</Filter>
    </ClCompile>
    <ClCompile Include="UI\Tools\UIPortalTool.cpp">
      <Filter>UI\Tools</Filter>
    </ClCompile>
    <ClCompile Include="UI\Tools\UIAIMapTool.cpp">
      <Filter>UI\Tools</Filter>
    </ClCompile>
    <ClCompile Include="UI\Tools\UIParticlesTool.cpp">
      <Filter>UI\Tools</Filter>
    </ClCompile>
    <ClCompile Include="UI\Tools\UIGroupTool.cpp">
      <Filter>UI\Tools</Filter>
    </ClCompile>
    <ClCompile Include="UI\Tools\UIDOTool.cpp">
      <Filter>UI\Tools</Filter>
    </ClCompile>
    <ClCompile Include="UI\Tools\UIFogVolTool.cpp">
      <Filter>UI\Tools</Filter>
    </ClCompile>
    <ClCompile Include="UI\UIDOShuffle.cpp">
      <Filter>UI</Filter>
    </ClCompile>
    <ClCompile Include="UI\UIDOOneColor.cpp">
      <Filter>UI</Filter>
    </ClCompile>
    <ClCompile Include="UI\UIObjectList.cpp">
      <Filter>UI</Filter>
    </ClCompile>
    <ClCompile Include="XrSEFactoryManager.cpp" />
    <ClCompile Include="Engine\XrGameManager.cpp">
      <Filter>Engine</Filter>
    </ClCompile>
    <ClCompile Include="Engine\XRayEditor.cpp">
      <Filter>Engine</Filter>
    </ClCompile>
    <ClCompile Include="Edit\scene_spawn.cpp">
      <Filter>Edit</Filter>
    </ClCompile>
    <ClCompile Include="AI\xrThread.cpp">
      <Filter>AI</Filter>
    </ClCompile>
    <ClCompile Include="AI\level_graph_editor.cpp">
      <Filter>AI\Search\graphs\level_graph</Filter>
    </ClCompile>
    <ClCompile Include="AI\game_graph_builder.cpp">
      <Filter>AI\Graph</Filter>
    </ClCompile>
    <ClCompile Include="AI\patrol_path_storage.cpp">
      <Filter>AI\Spawn\patrol_paths\patrol_path_storage</Filter>
    </ClCompile>
    <ClCompile Include="AI\patrol_path.cpp">
      <Filter>AI\Spawn\patrol_paths\patrol_path</Filter>
    </ClCompile>
    <ClCompile Include="AI\patrol_point.cpp">
      <Filter>AI\Spawn\patrol_paths\patrol_point</Filter>
    </ClCompile>
    <ClCompile Include="AI\level_spawn_constructor.cpp">
      <Filter>AI\Spawn\level_spawn_constructor</Filter>
    </ClCompile>
    <ClCompile Include="AI\space_restrictor_wrapper.cpp">
      <Filter>AI\Spawn\level_spawn_constructor\space_restrictor_wrapper</Filter>
    </ClCompile>
    <ClCompile Include="AI\game_spawn_constructor.cpp">
      <Filter>AI\Spawn\game_spawn_constructor</Filter>
    </ClCompile>
    <ClCompile Include="AI\game_graph_editor.cpp">
      <Filter>AI\Search\graphs\game_graph</Filter>
    </ClCompile>
    <ClCompile Include="AI\server_entity_wrapper.cpp">
      <Filter>AI\Spawn</Filter>
    </ClCompile>
    <ClCompile Include="AI\game_level_cross_table_editor.cpp">
      <Filter>AI\Search\graphs\cross_table</Filter>
    </ClCompile>
  </ItemGroup>
  <ItemGroup>
    <ClInclude Include="Edit\SceneSummaryInfo.h">
      <Filter>Edit</Filter>
    </ClInclude>
    <ClInclude Include="Edit\sector.h">
      <Filter>Edit</Filter>
    </ClInclude>
    <ClInclude Include="Edit\SoundManager_LE.h">
      <Filter>Edit</Filter>
    </ClInclude>
    <ClInclude Include="Edit\SpawnPoint.h">
      <Filter>Edit</Filter>
    </ClInclude>
    <ClInclude Include="Edit\UI_LevelMain.h">
      <Filter>Edit</Filter>
    </ClInclude>
    <ClInclude Include="Edit\UI_LevelTools.h">
      <Filter>Edit</Filter>
    </ClInclude>
    <ClInclude Include="Edit\WayPoint.h">
      <Filter>Edit</Filter>
    </ClInclude>
    <ClInclude Include="Edit\Builder.h">
      <Filter>Edit</Filter>
    </ClInclude>
    <ClInclude Include="Edit\Cursor3D.h">
      <Filter>Edit</Filter>
    </ClInclude>
    <ClInclude Include="Edit\Custom2DProjector.h">
      <Filter>Edit</Filter>
    </ClInclude>
    <ClInclude Include="Edit\CustomObject.h">
      <Filter>Edit</Filter>
    </ClInclude>
    <ClInclude Include="Edit\ELight.h">
      <Filter>Edit</Filter>
    </ClInclude>
    <ClInclude Include="Edit\ELight_def.h">
      <Filter>Edit</Filter>
    </ClInclude>
    <ClInclude Include="Edit\EParticlesObject.h">
      <Filter>Edit</Filter>
    </ClInclude>
    <ClInclude Include="Edit\ESceneAIMapControls.h">
      <Filter>Edit</Filter>
    </ClInclude>
    <ClInclude Include="Edit\ESceneAIMapTools.h">
      <Filter>Edit</Filter>
    </ClInclude>
    <ClInclude Include="Edit\ESceneAIMapTools_Export.h">
      <Filter>Edit</Filter>
    </ClInclude>
    <ClInclude Include="Edit\ESceneClassList.h">
      <Filter>Edit</Filter>
    </ClInclude>
    <ClInclude Include="Edit\ESceneControlsCustom.h">
      <Filter>Edit</Filter>
    </ClInclude>
    <ClInclude Include="Edit\ESceneCustomMTools.h">
      <Filter>Edit</Filter>
    </ClInclude>
    <ClInclude Include="Edit\ESceneCustomOTools.h">
      <Filter>Edit</Filter>
    </ClInclude>
    <ClInclude Include="Edit\ESceneDOTools.h">
      <Filter>Edit</Filter>
    </ClInclude>
    <ClInclude Include="Edit\ESceneDummyTools.h">
      <Filter>Edit</Filter>
    </ClInclude>
    <ClInclude Include="Edit\ESceneFogVolumeTools.h">
      <Filter>Edit</Filter>
    </ClInclude>
    <ClInclude Include="Edit\ESceneGlowTools.h">
      <Filter>Edit</Filter>
    </ClInclude>
    <ClInclude Include="Edit\ESceneGroupControls.h">
      <Filter>Edit</Filter>
    </ClInclude>
    <ClInclude Include="Edit\ESceneGroupTools.h">
      <Filter>Edit</Filter>
    </ClInclude>
    <ClInclude Include="Edit\ESceneLightTools.h">
      <Filter>Edit</Filter>
    </ClInclude>
    <ClInclude Include="Edit\ESceneObjectControls.h">
      <Filter>Edit</Filter>
    </ClInclude>
    <ClInclude Include="Edit\ESceneObjectTools.h">
      <Filter>Edit</Filter>
    </ClInclude>
    <ClInclude Include="Edit\EScenePortalControls.h">
      <Filter>Edit</Filter>
    </ClInclude>
    <ClInclude Include="Edit\EScenePortalTools.h">
      <Filter>Edit</Filter>
    </ClInclude>
    <ClInclude Include="Edit\EScenePSControls.h">
      <Filter>Edit</Filter>
    </ClInclude>
    <ClInclude Include="Edit\EScenePSTools.h">
      <Filter>Edit</Filter>
    </ClInclude>
    <ClInclude Include="Edit\ESceneSectorControls.h">
      <Filter>Edit</Filter>
    </ClInclude>
    <ClInclude Include="Edit\ESceneSectorTools.h">
      <Filter>Edit</Filter>
    </ClInclude>
    <ClInclude Include="Edit\ESceneShapeControls.h">
      <Filter>Edit</Filter>
    </ClInclude>
    <ClInclude Include="Edit\ESceneShapeTools.h">
      <Filter>Edit</Filter>
    </ClInclude>
    <ClInclude Include="Edit\ESceneSoundEnvTools.h">
      <Filter>Edit</Filter>
    </ClInclude>
    <ClInclude Include="Edit\ESceneSoundSrcTools.h">
      <Filter>Edit</Filter>
    </ClInclude>
    <ClInclude Include="Edit\ESceneSpawnControls.h">
      <Filter>Edit</Filter>
    </ClInclude>
    <ClInclude Include="Edit\ESceneSpawnTools.h">
      <Filter>Edit</Filter>
    </ClInclude>
    <ClInclude Include="Edit\ESceneWallmarkControls.h">
      <Filter>Edit</Filter>
    </ClInclude>
    <ClInclude Include="Edit\ESceneWallmarkTools.h">
      <Filter>Edit</Filter>
    </ClInclude>
    <ClInclude Include="Edit\ESceneWayControls.h">
      <Filter>Edit</Filter>
    </ClInclude>
    <ClInclude Include="Edit\ESceneWayTools.h">
      <Filter>Edit</Filter>
    </ClInclude>
    <ClInclude Include="Edit\EShape.h">
      <Filter>Edit</Filter>
    </ClInclude>
    <ClInclude Include="Edit\ESound_Environment.h">
      <Filter>Edit</Filter>
    </ClInclude>
    <ClInclude Include="Edit\ESound_Source.h">
      <Filter>Edit</Filter>
    </ClInclude>
    <ClInclude Include="Edit\FS2.h">
      <Filter>Edit</Filter>
    </ClInclude>
    <ClInclude Include="Edit\GeometryPartExtractor.h">
      <Filter>Edit</Filter>
    </ClInclude>
    <ClInclude Include="Edit\glow.h">
      <Filter>Edit</Filter>
    </ClInclude>
    <ClInclude Include="Edit\GroupObject.h">
      <Filter>Edit</Filter>
    </ClInclude>
    <ClInclude Include="Edit\LevelPreferences.h">
      <Filter>Edit</Filter>
    </ClInclude>
    <ClInclude Include="Edit\lwchunks.h">
      <Filter>Edit</Filter>
    </ClInclude>
    <ClInclude Include="Edit\portal.h">
      <Filter>Edit</Filter>
    </ClInclude>
    <ClInclude Include="Edit\portalutils.h">
      <Filter>Edit</Filter>
    </ClInclude>
    <ClInclude Include="Edit\scene.h">
      <Filter>Edit</Filter>
    </ClInclude>
    <ClInclude Include="Edit\SceneGraph.h">
      <Filter>Edit</Filter>
    </ClInclude>
    <ClInclude Include="Edit\SceneObject.h">
      <Filter>Edit</Filter>
    </ClInclude>
    <ClInclude Include="LEPhysics.h" />
    <ClInclude Include="mesh_data.h" />
    <ClInclude Include="stdafx.h" />
    <ClInclude Include="UI\UIMainMenuForm.h">
      <Filter>UI</Filter>
    </ClInclude>
    <ClInclude Include="UI\UITopBarForm.h">
      <Filter>UI</Filter>
    </ClInclude>
    <ClInclude Include="UI\UITopBarForm_ButtonList.h">
      <Filter>UI</Filter>
    </ClInclude>
    <ClInclude Include="UI\UILeftBarForm.h">
      <Filter>UI</Filter>
    </ClInclude>
    <ClInclude Include="UI\UIMainForm.h">
      <Filter>UI</Filter>
    </ClInclude>
    <ClInclude Include="iniStreamImpl.h" />
    <ClInclude Include="..\..\XrRender\Private\DetailManager.h">
      <Filter>Render</Filter>
    </ClInclude>
    <ClInclude Include="UI\Tools\UILightTool.h">
      <Filter>UI\Tools</Filter>
    </ClInclude>
    <ClInclude Include="UI\UILPropertiesFrom.h">
      <Filter>UI</Filter>
    </ClInclude>
    <ClInclude Include="UI\Tools\UIObjectTool.h">
      <Filter>UI\Tools</Filter>
    </ClInclude>
    <ClInclude Include="UI\Tools\UIToolCustom.h">
      <Filter>UI\Tools</Filter>
    </ClInclude>
    <ClInclude Include="UI\UIPropertiesModal.h">
      <Filter>UI</Filter>
    </ClInclude>
    <ClInclude Include="UI\Tools\UISpawnTool.h">
      <Filter>UI\Tools</Filter>
    </ClInclude>
    <ClInclude Include="UI\Tools\UIShapeTool.h">
      <Filter>UI\Tools</Filter>
    </ClInclude>
    <ClInclude Include="UI\Tools\UIWayTool.h">
      <Filter>UI\Tools</Filter>
    </ClInclude>
    <ClInclude Include="UI\Tools\UIPortalTool.h">
      <Filter>UI\Tools</Filter>
    </ClInclude>
    <ClInclude Include="UI\Tools\UISectorTool.h">
      <Filter>UI\Tools</Filter>
    </ClInclude>
    <ClInclude Include="UI\Tools\UIAIMapTool.h">
      <Filter>UI\Tools</Filter>
    </ClInclude>
    <ClInclude Include="UI\Tools\UIParticlesTool.h">
      <Filter>UI\Tools</Filter>
    </ClInclude>
    <ClInclude Include="UI\Tools\UIGroupTool.h">
      <Filter>UI\Tools</Filter>
    </ClInclude>
    <ClInclude Include="UI\Tools\UIDOTool.h">
      <Filter>UI\Tools</Filter>
    </ClInclude>
    <ClInclude Include="UI\Tools\UIFogVolTool.h">
      <Filter>UI\Tools</Filter>
    </ClInclude>
    <ClInclude Include="UI\UIDOShuffle.h">
      <Filter>UI</Filter>
    </ClInclude>
    <ClInclude Include="UI\UIDOOneColor.h">
      <Filter>UI</Filter>
    </ClInclude>
    <ClInclude Include="UI\UIObjectList.h">
      <Filter>UI</Filter>
    </ClInclude>
    <ClInclude Include="XrSEFactoryManager.h" />
    <ClInclude Include="Engine\XRayEditor.h">
      <Filter>Engine</Filter>
    </ClInclude>
    <ClInclude Include="Engine\XrGameManager.h">
      <Filter>Engine</Filter>
    </ClInclude>
    <ClInclude Include="AI\xrThread.h">
      <Filter>AI</Filter>
    </ClInclude>
    <ClInclude Include="AI\graph_engine_editor.h">
      <Filter>AI\Search\graph_engine</Filter>
    </ClInclude>
    <ClInclude Include="AI\graph_engine_editor_inline.h">
      <Filter>AI\Search\graph_engine</Filter>
    </ClInclude>
    <ClInclude Include="AI\graph_engine_editor_space.h">
      <Filter>AI\Search\graph_engine</Filter>
    </ClInclude>
    <ClInclude Include="AI\game_graph_editor.h">
      <Filter>AI\Search\graphs\game_graph</Filter>
    </ClInclude>
    <ClInclude Include="AI\game_level_cross_table_editor.h">
      <Filter>AI\Search\graphs\cross_table</Filter>
    </ClInclude>
    <ClInclude Include="AI\level_graph_editor.h">
      <Filter>AI\Search\graphs\level_graph</Filter>
    </ClInclude>
    <ClInclude Include="AI\path_manager.h">
      <Filter>AI\Search\path_managers</Filter>
    </ClInclude>
    <ClInclude Include="AI\path_manager_game.h">
      <Filter>AI\Search\path_managers\path_manager_game</Filter>
    </ClInclude>
    <ClInclude Include="AI\path_manager_game_inline.h">
      <Filter>AI\Search\path_managers\path_manager_game</Filter>
    </ClInclude>
    <ClInclude Include="AI\path_manager_level.h">
      <Filter>AI\Search\path_managers\path_manager_level</Filter>
    </ClInclude>
    <ClInclude Include="AI\path_manager_level_inline.h">
      <Filter>AI\Search\path_managers\path_manager_level</Filter>
    </ClInclude>
    <ClInclude Include="AI\path_manager_generic.h">
      <Filter>AI\Search\path_managers\path_manager_generic</Filter>
    </ClInclude>
    <ClInclude Include="AI\path_manager_generic_inline.h">
      <Filter>AI\Search\path_managers\path_manager_generic</Filter>
    </ClInclude>
    <ClInclude Include="AI\path_manager_params.h">
      <Filter>AI\Search\path_managers\path_manager_params</Filter>
    </ClInclude>
    <ClInclude Include="AI\path_manager_params_flooder.h">
      <Filter>AI\Search\path_managers\path_manager_params</Filter>
    </ClInclude>
    <ClInclude Include="AI\path_manager_params_game_level.h">
      <Filter>AI\Search\path_managers\path_manager_params</Filter>
    </ClInclude>
    <ClInclude Include="AI\path_manager_params_straight_line.h">
      <Filter>AI\Search\path_managers\path_manager_params</Filter>
    </ClInclude>
    <ClInclude Include="AI\path_manager_level_evaluator_inline.h">
      <Filter>AI\Search\path_managers\path_manager_level\path_manager_level_evaluator</Filter>
    </ClInclude>
    <ClInclude Include="AI\path_manager_level_evaluator.h">
      <Filter>AI\Search\path_managers\path_manager_level\path_manager_level_evaluator</Filter>
    </ClInclude>
    <ClInclude Include="AI\path_manager_level_flooder_inline.h">
      <Filter>AI\Search\path_managers\path_manager_level\path_manager_level_flooder</Filter>
    </ClInclude>
    <ClInclude Include="AI\path_manager_level_flooder.h">
      <Filter>AI\Search\path_managers\path_manager_level\path_manager_level_flooder</Filter>
    </ClInclude>
    <ClInclude Include="AI\path_manager_level_straight_line.h">
      <Filter>AI\Search\path_managers\path_manager_level\path_manager_level_straight_line</Filter>
    </ClInclude>
    <ClInclude Include="AI\path_manager_level_straight_line_inline.h">
      <Filter>AI\Search\path_managers\path_manager_level\path_manager_level_straight_line</Filter>
    </ClInclude>
    <ClInclude Include="AI\path_manager_game_level.h">
      <Filter>AI\Search\path_managers\path_manager_game\path_manager_game_level</Filter>
    </ClInclude>
    <ClInclude Include="AI\path_manager_game_level_inline.h">
      <Filter>AI\Search\path_managers\path_manager_game\path_manager_game_level</Filter>
    </ClInclude>
    <ClInclude Include="AI\path_manager_game_vertex_type.h">
      <Filter>AI\Search\path_managers\path_manager_game\path_manager_game_vertex_type</Filter>
    </ClInclude>
    <ClInclude Include="AI\path_manager_game_vertex_type_inline.h">
      <Filter>AI\Search\path_managers\path_manager_game\path_manager_game_vertex_type</Filter>
    </ClInclude>
    <ClInclude Include="AI\game_graph_builder_inline.h">
      <Filter>AI\Graph</Filter>
    </ClInclude>
    <ClInclude Include="AI\game_graph_builder.h">
      <Filter>AI\Graph</Filter>
    </ClInclude>
    <ClInclude Include="AI\cover_point_inline.h">
      <Filter>AI\Spawn</Filter>
    </ClInclude>
    <ClInclude Include="AI\cover_point.h">
      <Filter>AI\Spawn</Filter>
    </ClInclude>
    <ClInclude Include="AI\patrol_path_storage.h">
      <Filter>AI\Spawn\patrol_paths\patrol_path_storage</Filter>
    </ClInclude>
    <ClInclude Include="AI\patrol_path_storage_inline.h">
      <Filter>AI\Spawn\patrol_paths\patrol_path_storage</Filter>
    </ClInclude>
    <ClInclude Include="AI\patrol_path.h">
      <Filter>AI\Spawn\patrol_paths\patrol_path</Filter>
    </ClInclude>
    <ClInclude Include="AI\patrol_path_inline.h">
      <Filter>AI\Spawn\patrol_paths\patrol_path</Filter>
    </ClInclude>
    <ClInclude Include="AI\patrol_point.h">
      <Filter>AI\Spawn\patrol_paths\patrol_point</Filter>
    </ClInclude>
    <ClInclude Include="AI\patrol_point_inline.h">
      <Filter>AI\Spawn\patrol_paths\patrol_point</Filter>
    </ClInclude>
    <ClInclude Include="AI\level_spawn_constructor.h">
      <Filter>AI\Spawn\level_spawn_constructor</Filter>
    </ClInclude>
    <ClInclude Include="AI\level_spawn_constructor_inline.h">
      <Filter>AI\Spawn\level_spawn_constructor</Filter>
    </ClInclude>
    <ClInclude Include="AI\space_restrictor_wrapper.h">
      <Filter>AI\Spawn\level_spawn_constructor\space_restrictor_wrapper</Filter>
    </ClInclude>
    <ClInclude Include="AI\space_restrictor_wrapper_inline.h">
      <Filter>AI\Spawn\level_spawn_constructor\space_restrictor_wrapper</Filter>
    </ClInclude>
    <ClInclude Include="AI\game_spawn_constructor.h">
      <Filter>AI\Spawn\game_spawn_constructor</Filter>
    </ClInclude>
    <ClInclude Include="AI\game_spawn_constructor_inline.h">
      <Filter>AI\Spawn\game_spawn_constructor</Filter>
    </ClInclude>
    <ClInclude Include="AI\server_entity_wrapper.h">
      <Filter>AI\Spawn</Filter>
    </ClInclude>
    <ClInclude Include="AI\server_entity_wrapper_inline.h">
      <Filter>AI\Spawn</Filter>
    </ClInclude>
  </ItemGroup>
</Project>