<?xml version="1.0" encoding="utf-8"?>
<Project ToolsVersion="4.0" xmlns="http://schemas.microsoft.com/developer/msbuild/2003">
  <ItemGroup>
    <Filter Include="UI">
      <UniqueIdentifier>{8de59519-90ea-45b4-aa15-357dbcb5c246}</UniqueIdentifier>
    </Filter>
    <Filter Include="Engine">
      <UniqueIdentifier>{d1483583-4055-4c23-bc0e-cd2774fa481f}</UniqueIdentifier>
    </Filter>
    <Filter Include="Render">
      <UniqueIdentifier>{820cd9c6-8985-464f-82cf-f053ef14ef09}</UniqueIdentifier>
    </Filter>
    <Filter Include="UI\Tools">
      <UniqueIdentifier>{3e179e6c-ce08-4955-a1ad-7b268a674b30}</UniqueIdentifier>
    </Filter>
    <Filter Include="AI">
      <UniqueIdentifier>{3c668c27-43ef-4094-ada1-0cd394721cb4}</UniqueIdentifier>
    </Filter>
    <Filter Include="AI\Search">
      <UniqueIdentifier>{1fa59ab4-7448-44cc-8dfb-6c55733a77c1}</UniqueIdentifier>
    </Filter>
    <Filter Include="AI\Search\graph_engine">
      <UniqueIdentifier>{b782a041-ec9c-41c5-b945-a4849056c1f9}</UniqueIdentifier>
    </Filter>
    <Filter Include="AI\Search\graphs">
      <UniqueIdentifier>{6bc284e5-db2b-4b73-b720-51b6a84f7a5a}</UniqueIdentifier>
    </Filter>
    <Filter Include="AI\Search\graphs\cross_table">
      <UniqueIdentifier>{c10776f4-c66c-4a11-9a19-02eebac07dcd}</UniqueIdentifier>
    </Filter>
    <Filter Include="AI\Search\graphs\game_graph">
      <UniqueIdentifier>{b5930a3c-56a4-4109-9f93-a2406cdeaabe}</UniqueIdentifier>
    </Filter>
    <Filter Include="AI\Search\graphs\level_graph">
      <UniqueIdentifier>{a4bbde44-70c6-48d1-aa75-e9bf87969fe1}</UniqueIdentifier>
    </Filter>
    <Filter Include="AI\Search\path_managers">
      <UniqueIdentifier>{f41f8ee3-c6f7-4d54-b8ec-400f54eb6fc3}</UniqueIdentifier>
    </Filter>
    <Filter Include="AI\Search\path_managers\path_manager_game">
      <UniqueIdentifier>{49ae75e5-b693-4224-a73a-84d402e9000e}</UniqueIdentifier>
    </Filter>
    <Filter Include="AI\Search\path_managers\path_manager_level">
      <UniqueIdentifier>{04f72b5b-17b9-4227-8b31-dcc7144a6814}</UniqueIdentifier>
    </Filter>
    <Filter Include="AI\Search\path_managers\path_manager_generic">
      <UniqueIdentifier>{2161e938-fb68-460a-beb9-819ec38cea95}</UniqueIdentifier>
    </Filter>
    <Filter Include="AI\Search\path_managers\path_manager_params">
      <UniqueIdentifier>{e6a2b769-19a6-489b-a9f9-a91f6623b1d3}</UniqueIdentifier>
    </Filter>
    <Filter Include="AI\Search\path_managers\path_manager_level\path_manager_level_evaluator">
      <UniqueIdentifier>{0276d1de-9bba-4088-9fcc-6262d9d8be8e}</UniqueIdentifier>
    </Filter>
    <Filter Include="AI\Search\path_managers\path_manager_level\path_manager_level_flooder">
      <UniqueIdentifier>{87c07214-7746-4742-8e69-4d6b0be97910}</UniqueIdentifier>
    </Filter>
    <Filter Include="AI\Search\path_managers\path_manager_level\path_manager_level_straight_line">
      <UniqueIdentifier>{0967dbdf-ecdc-481b-97d6-1f321fdf2084}</UniqueIdentifier>
    </Filter>
    <Filter Include="AI\Search\path_managers\path_manager_game\path_manager_game_level">
      <UniqueIdentifier>{394b2a1c-dc28-49f3-8ea9-b04ee8b2d05c}</UniqueIdentifier>
    </Filter>
    <Filter Include="AI\Search\path_managers\path_manager_game\path_manager_game_vertex_type">
      <UniqueIdentifier>{53c2aed7-402b-4ffb-86e4-d3ad202135cd}</UniqueIdentifier>
    </Filter>
    <Filter Include="AI\Graph">
      <UniqueIdentifier>{7ce20d77-47e0-4b66-aa94-0b778a4d2a03}</UniqueIdentifier>
    </Filter>
    <Filter Include="AI\Spawn">
      <UniqueIdentifier>{bca369de-99d9-4f6b-a8f9-d52fbe8534b5}</UniqueIdentifier>
    </Filter>
    <Filter Include="AI\Spawn\patrol_paths">
      <UniqueIdentifier>{60a78b6e-ab39-41f7-9582-ee4ffd5d16c9}</UniqueIdentifier>
    </Filter>
    <Filter Include="AI\Spawn\patrol_paths\patrol_path_storage">
      <UniqueIdentifier>{469d70f5-f951-4263-9dc0-a23a46df4a4a}</UniqueIdentifier>
    </Filter>
    <Filter Include="AI\Spawn\patrol_paths\patrol_path">
      <UniqueIdentifier>{1414ba2d-41bc-4d62-a9f1-f96f3879cc88}</UniqueIdentifier>
    </Filter>
    <Filter Include="AI\Spawn\patrol_paths\patrol_point">
      <UniqueIdentifier>{c44768c9-913a-4756-b8ed-a981855e3bd6}</UniqueIdentifier>
    </Filter>
    <Filter Include="AI\Spawn\level_spawn_constructor">
      <UniqueIdentifier>{c0e4b91e-af20-4b55-9c6d-92ffea0cafd7}</UniqueIdentifier>
    </Filter>
    <Filter Include="AI\Spawn\level_spawn_constructor\space_restrictor_wrapper">
      <UniqueIdentifier>{88fae68d-cece-4278-8ac9-922416a994cb}</UniqueIdentifier>
    </Filter>
    <Filter Include="AI\Spawn\game_spawn_constructor">
      <UniqueIdentifier>{4360a9ce-2e77-499f-a22d-5c6b8c05d14f}</UniqueIdentifier>
    </Filter>
    <Filter Include="Editor">
      <UniqueIdentifier>{4bd9bf5b-85b2-4418-8f9c-4cfe3280fe76}</UniqueIdentifier>
    </Filter>
    <Filter Include="Editor\Builder">
      <UniqueIdentifier>{00eabc5a-acbe-4f7e-aa19-f17a37610db9}</UniqueIdentifier>
    </Filter>
    <Filter Include="Editor\Entry">
      <UniqueIdentifier>{e1eab5a1-4a06-4022-9557-bd1fb963953e}</UniqueIdentifier>
    </Filter>
    <Filter Include="Editor\Entry\Glow">
      <UniqueIdentifier>{7bacbf40-6e4e-4393-afc1-b9f2f115a050}</UniqueIdentifier>
    </Filter>
    <Filter Include="Editor\Entry\Group">
      <UniqueIdentifier>{b0708b75-4cbe-463b-9346-363d1ca290d4}</UniqueIdentifier>
    </Filter>
    <Filter Include="Editor\Entry\Light">
      <UniqueIdentifier>{f9b8481f-8fc5-4089-a784-f8c13375b2f3}</UniqueIdentifier>
    </Filter>
    <Filter Include="Editor\Entry\Particles">
      <UniqueIdentifier>{f40e582c-7662-4ad4-bc46-2c7baed402b2}</UniqueIdentifier>
    </Filter>
    <Filter Include="Editor\Entry\Portal">
      <UniqueIdentifier>{a737c349-d802-4e7a-b0da-27f996c75db6}</UniqueIdentifier>
    </Filter>
    <Filter Include="Editor\Entry\Sector">
      <UniqueIdentifier>{3d15b292-e49c-4670-b2a1-ab4a36bee0c3}</UniqueIdentifier>
    </Filter>
    <Filter Include="Editor\Entry\Shape">
      <UniqueIdentifier>{e7d48e7f-05c3-45b7-8dfb-edcf57dda1c3}</UniqueIdentifier>
    </Filter>
    <Filter Include="Editor\Entry\Sound">
      <UniqueIdentifier>{49bba2c7-d5ba-4341-8eac-87bdede074e9}</UniqueIdentifier>
    </Filter>
    <Filter Include="Editor\Entry\Spawn">
      <UniqueIdentifier>{6c94b97e-9f7d-4505-a758-59c540f908a4}</UniqueIdentifier>
    </Filter>
    <Filter Include="Editor\Entry\StaticObject">
      <UniqueIdentifier>{cac72cb0-42bc-4f09-8974-9a37011b4cd5}</UniqueIdentifier>
    </Filter>
    <Filter Include="Editor\Entry\WayPoint">
      <UniqueIdentifier>{8dfc8700-ef72-4328-903b-8acc5709d280}</UniqueIdentifier>
    </Filter>
    <Filter Include="Editor\Scene">
      <UniqueIdentifier>{cb1a7ab4-054e-4e2c-a8f8-446920bd11d2}</UniqueIdentifier>
    </Filter>
    <Filter Include="Editor\Tools">
      <UniqueIdentifier>{db555b5d-bba3-42b7-ba08-b75a7e73c6cd}</UniqueIdentifier>
    </Filter>
    <Filter Include="Editor\Tools\AIMap">
      <UniqueIdentifier>{88853a40-a786-45bf-ac35-a32cad80543a}</UniqueIdentifier>
    </Filter>
    <Filter Include="Editor\Tools\Base">
      <UniqueIdentifier>{b2bcbed3-e5c7-4971-8ca4-f77c2f75ebf1}</UniqueIdentifier>
    </Filter>
    <Filter Include="Editor\Tools\Details">
      <UniqueIdentifier>{640c1133-e2e2-4dfd-a2c7-c482e10bb176}</UniqueIdentifier>
    </Filter>
    <Filter Include="Editor\Tools\FogVolume">
      <UniqueIdentifier>{501eef64-3d8a-4f52-8c99-314a241eaf8a}</UniqueIdentifier>
    </Filter>
    <Filter Include="Editor\Tools\Glow">
      <UniqueIdentifier>{efd02b2e-625e-4974-8133-0c691e36c090}</UniqueIdentifier>
    </Filter>
    <Filter Include="Editor\Tools\Group">
      <UniqueIdentifier>{cbc113c3-bc43-4d87-90d7-11e29aeeb216}</UniqueIdentifier>
    </Filter>
    <Filter Include="Editor\Tools\Light">
      <UniqueIdentifier>{8fbeeea3-9514-4c3f-b4d2-88b37c936611}</UniqueIdentifier>
    </Filter>
    <Filter Include="Editor\Tools\Particles">
      <UniqueIdentifier>{0711375e-daba-4f7c-be65-58d18650d66d}</UniqueIdentifier>
    </Filter>
    <Filter Include="Editor\Tools\Portal">
      <UniqueIdentifier>{e38c67f8-c4b4-4499-864a-f54ffc4a9346}</UniqueIdentifier>
    </Filter>
    <Filter Include="Editor\Tools\Sector">
      <UniqueIdentifier>{cf82a9b5-65c8-4e21-ac7a-aacb2cb96c89}</UniqueIdentifier>
    </Filter>
    <Filter Include="Editor\Tools\Shape">
      <UniqueIdentifier>{67a42b57-5b40-458d-97a0-6aacbfbce682}</UniqueIdentifier>
    </Filter>
    <Filter Include="Editor\Tools\Sound">
      <UniqueIdentifier>{d099309f-abee-43d4-abef-1a613a07f933}</UniqueIdentifier>
    </Filter>
    <Filter Include="Editor\Tools\Spawn">
      <UniqueIdentifier>{a4718dce-2f2f-4454-88fb-f99d1ca527f4}</UniqueIdentifier>
    </Filter>
    <Filter Include="Editor\Tools\StaticObject">
      <UniqueIdentifier>{e3eb77e4-a37c-4796-beb5-697fd55b3662}</UniqueIdentifier>
    </Filter>
    <Filter Include="Editor\Tools\Wallmark">
      <UniqueIdentifier>{54fe18dc-3ada-43d6-b7f3-684179db2f82}</UniqueIdentifier>
    </Filter>
    <Filter Include="Editor\Tools\WayPoint">
      <UniqueIdentifier>{3596b1cc-1cdf-4bd5-8b47-9d4ec18db64e}</UniqueIdentifier>
    </Filter>
    <Filter Include="Editor\Utils">
      <UniqueIdentifier>{1e4a5268-1a87-461a-8d57-cb323e0072e8}</UniqueIdentifier>
    </Filter>
    <Filter Include="Editor\Utils\Gimzo">
      <UniqueIdentifier>{8a2b9cb2-c4cf-4fa0-bee9-357e694c6e12}</UniqueIdentifier>
    </Filter>
    <Filter Include="UI\ObjectList">
      <UniqueIdentifier>{f0688181-e4ba-409f-a053-c01eaf476c27}</UniqueIdentifier>
    </Filter>
  </ItemGroup>
  <ItemGroup>
    <ClCompile Include="stdafx.cpp" />
    <ClCompile Include="UI\UITopBarForm.cpp">
      <Filter>UI</Filter>
    </ClCompile>
    <ClCompile Include="UI\UILeftBarForm.cpp">
      <Filter>UI</Filter>
    </ClCompile>
    <ClCompile Include="UI\UIMainForm.cpp">
      <Filter>UI</Filter>
    </ClCompile>
    <ClCompile Include="UI\UIMainMenuForm.cpp">
      <Filter>UI</Filter>
    </ClCompile>
    <ClCompile Include="LevelEditor.cpp" />
    <ClCompile Include="..\..\XrRender\Private\DetailManager.cpp">
      <Filter>Render</Filter>
    </ClCompile>
    <ClCompile Include="..\..\XrRender\Private\DetailManager_VS.cpp">
      <Filter>Render</Filter>
    </ClCompile>
    <ClCompile Include="..\..\XrRender\Private\DetailManager_Decompress.cpp">
      <Filter>Render</Filter>
    </ClCompile>
    <ClCompile Include="..\..\XrRender\Private\DetailManager_soft.cpp">
      <Filter>Render</Filter>
    </ClCompile>
    <ClCompile Include="..\..\XrRender\Private\DetailManager_CACHE.cpp">
      <Filter>Render</Filter>
    </ClCompile>
    <ClCompile Include="..\..\XrRender\Private\stats_manager.cpp">
      <Filter>Render</Filter>
    </ClCompile>
    <ClCompile Include="UI\Tools\UILightTool.cpp">
      <Filter>UI\Tools</Filter>
    </ClCompile>
    <ClCompile Include="UI\UILPropertiesFrom.cpp">
      <Filter>UI</Filter>
    </ClCompile>
    <ClCompile Include="UI\Tools\UIObjectTool.cpp">
      <Filter>UI\Tools</Filter>
    </ClCompile>
    <ClCompile Include="UI\UIPropertiesModal.cpp">
      <Filter>UI</Filter>
    </ClCompile>
    <ClCompile Include="UI\Tools\UISpawnTool.cpp">
      <Filter>UI\Tools</Filter>
    </ClCompile>
    <ClCompile Include="UI\Tools\UIShapeTool.cpp">
      <Filter>UI\Tools</Filter>
    </ClCompile>
    <ClCompile Include="UI\Tools\UIWayTool.cpp">
      <Filter>UI\Tools</Filter>
    </ClCompile>
    <ClCompile Include="UI\Tools\UISectorTool.cpp">
      <Filter>UI\Tools</Filter>
    </ClCompile>
    <ClCompile Include="UI\Tools\UIPortalTool.cpp">
      <Filter>UI\Tools</Filter>
    </ClCompile>
    <ClCompile Include="UI\Tools\UIAIMapTool.cpp">
      <Filter>UI\Tools</Filter>
    </ClCompile>
    <ClCompile Include="UI\Tools\UIParticlesTool.cpp">
      <Filter>UI\Tools</Filter>
    </ClCompile>
    <ClCompile Include="UI\Tools\UIGroupTool.cpp">
      <Filter>UI\Tools</Filter>
    </ClCompile>
    <ClCompile Include="UI\Tools\UIDOTool.cpp">
      <Filter>UI\Tools</Filter>
    </ClCompile>
    <ClCompile Include="UI\Tools\UIFogVolTool.cpp">
      <Filter>UI\Tools</Filter>
    </ClCompile>
    <ClCompile Include="UI\UIDOShuffle.cpp">
      <Filter>UI</Filter>
    </ClCompile>
    <ClCompile Include="UI\UIDOOneColor.cpp">
      <Filter>UI</Filter>
    </ClCompile>
    <ClCompile Include="Engine\XrGameManager.cpp">
      <Filter>Engine</Filter>
    </ClCompile>
    <ClCompile Include="Engine\XRayEditor.cpp">
      <Filter>Engine</Filter>
    </ClCompile>
    <ClCompile Include="AI\xrThread.cpp">
      <Filter>AI</Filter>
    </ClCompile>
    <ClCompile Include="AI\level_graph_editor.cpp">
      <Filter>AI\Search\graphs\level_graph</Filter>
    </ClCompile>
    <ClCompile Include="AI\game_graph_builder.cpp">
      <Filter>AI\Graph</Filter>
    </ClCompile>
    <ClCompile Include="AI\patrol_path_storage.cpp">
      <Filter>AI\Spawn\patrol_paths\patrol_path_storage</Filter>
    </ClCompile>
    <ClCompile Include="AI\patrol_path.cpp">
      <Filter>AI\Spawn\patrol_paths\patrol_path</Filter>
    </ClCompile>
    <ClCompile Include="AI\patrol_point.cpp">
      <Filter>AI\Spawn\patrol_paths\patrol_point</Filter>
    </ClCompile>
    <ClCompile Include="AI\level_spawn_constructor.cpp">
      <Filter>AI\Spawn\level_spawn_constructor</Filter>
    </ClCompile>
    <ClCompile Include="AI\space_restrictor_wrapper.cpp">
      <Filter>AI\Spawn\level_spawn_constructor\space_restrictor_wrapper</Filter>
    </ClCompile>
    <ClCompile Include="AI\game_spawn_constructor.cpp">
      <Filter>AI\Spawn\game_spawn_constructor</Filter>
    </ClCompile>
    <ClCompile Include="AI\game_graph_editor.cpp">
      <Filter>AI\Search\graphs\game_graph</Filter>
    </ClCompile>
    <ClCompile Include="AI\server_entity_wrapper.cpp">
      <Filter>AI\Spawn</Filter>
    </ClCompile>
    <ClCompile Include="AI\game_level_cross_table_editor.cpp">
      <Filter>AI\Search\graphs\cross_table</Filter>
    </ClCompile>
    <ClCompile Include="Editor\UI_LevelMain.cpp">
      <Filter>Editor</Filter>
    </ClCompile>
    <ClCompile Include="Editor\UI_LevelTools.cpp">
      <Filter>Editor</Filter>
    </ClCompile>
    <ClCompile Include="Editor\Builder\BuilderCore.cpp">
      <Filter>Editor\Builder</Filter>
    </ClCompile>
    <ClCompile Include="Editor\Builder\BuilderGame.cpp">
      <Filter>Editor\Builder</Filter>
    </ClCompile>
    <ClCompile Include="Editor\Builder\BuilderLODs.cpp">
      <Filter>Editor\Builder</Filter>
    </ClCompile>
    <ClCompile Include="Editor\Builder\BuilderLTX.cpp">
      <Filter>Editor\Builder</Filter>
    </ClCompile>
    <ClCompile Include="Editor\Builder\BuilderOGF.cpp">
      <Filter>Editor\Builder</Filter>
    </ClCompile>
    <ClCompile Include="Editor\Builder\BuilderRemote.cpp">
      <Filter>Editor\Builder</Filter>
    </ClCompile>
    <ClCompile Include="Editor\Builder\Builder.cpp">
      <Filter>Editor\Builder</Filter>
    </ClCompile>
    <ClCompile Include="Editor\Entry\CustomObject.cpp">
      <Filter>Editor\Entry</Filter>
    </ClCompile>
    <ClCompile Include="Editor\Entry\CustomObjectAnimation.cpp">
      <Filter>Editor\Entry</Filter>
    </ClCompile>
    <ClCompile Include="Editor\Entry\CustomObjectLE.cpp">
      <Filter>Editor\Entry</Filter>
    </ClCompile>
    <ClCompile Include="Editor\Entry\EditObjectExportLWO.cpp">
      <Filter>Editor\Entry</Filter>
    </ClCompile>
    <ClCompile Include="Editor\Entry\Glow\glow.cpp">
      <Filter>Editor\Entry\Glow</Filter>
    </ClCompile>
    <ClCompile Include="Editor\Entry\Group\GroupObject.cpp">
      <Filter>Editor\Entry\Group</Filter>
    </ClCompile>
    <ClCompile Include="Editor\Entry\Group\GroupObjectUtils.cpp">
      <Filter>Editor\Entry\Group</Filter>
    </ClCompile>
    <ClCompile Include="Editor\Entry\Light\ELight.cpp">
      <Filter>Editor\Entry\Light</Filter>
    </ClCompile>
    <ClCompile Include="Editor\Entry\Light\ELight_IO.cpp">
      <Filter>Editor\Entry\Light</Filter>
    </ClCompile>
    <ClCompile Include="Editor\Entry\Light\ELight_props.cpp">
      <Filter>Editor\Entry\Light</Filter>
    </ClCompile>
    <ClCompile Include="Editor\Entry\Particles\EParticlesObject.cpp">
      <Filter>Editor\Entry\Particles</Filter>
    </ClCompile>
    <ClCompile Include="Editor\Entry\Portal\portal.cpp">
      <Filter>Editor\Entry\Portal</Filter>
    </ClCompile>
    <ClCompile Include="Editor\Entry\Sector\sector.cpp">
      <Filter>Editor\Entry\Sector</Filter>
    </ClCompile>
    <ClCompile Include="Editor\Entry\Shape\EShape.cpp">
      <Filter>Editor\Entry\Shape</Filter>
    </ClCompile>
    <ClCompile Include="Editor\Entry\Sound\ESound_Environment.cpp">
      <Filter>Editor\Entry\Sound</Filter>
    </ClCompile>
    <ClCompile Include="Editor\Entry\Sound\ESound_Source.cpp">
      <Filter>Editor\Entry\Sound</Filter>
    </ClCompile>
    <ClCompile Include="Editor\Entry\Spawn\SpawnPoint.cpp">
      <Filter>Editor\Entry\Spawn</Filter>
    </ClCompile>
    <ClCompile Include="Editor\Entry\StaticObject\SceneObject.cpp">
      <Filter>Editor\Entry\StaticObject</Filter>
    </ClCompile>
    <ClCompile Include="Editor\Entry\StaticObject\SceneObjectIO.cpp">
      <Filter>Editor\Entry\StaticObject</Filter>
    </ClCompile>
    <ClCompile Include="Editor\Entry\WayPoint\WayPoint.cpp">
      <Filter>Editor\Entry\WayPoint</Filter>
    </ClCompile>
    <ClCompile Include="Editor\Scene\scene.cpp">
      <Filter>Editor\Scene</Filter>
    </ClCompile>
    <ClCompile Include="Editor\Scene\scene_spawn.cpp">
      <Filter>Editor\Scene</Filter>
    </ClCompile>
    <ClCompile Include="Editor\Scene\Scene_Tools.cpp">
      <Filter>Editor\Scene</Filter>
    </ClCompile>
    <ClCompile Include="Editor\Scene\SceneIO.cpp">
      <Filter>Editor\Scene</Filter>
    </ClCompile>
    <ClCompile Include="Editor\Scene\ScenePick.cpp">
      <Filter>Editor\Scene</Filter>
    </ClCompile>
    <ClCompile Include="Editor\Scene\SceneRender.cpp">
      <Filter>Editor\Scene</Filter>
    </ClCompile>
    <ClCompile Include="Editor\Scene\SceneSelection.cpp">
      <Filter>Editor\Scene</Filter>
    </ClCompile>
    <ClCompile Include="Editor\Scene\SceneSnap.cpp">
      <Filter>Editor\Scene</Filter>
    </ClCompile>
    <ClCompile Include="Editor\Scene\SceneSummaryInfo.cpp">
      <Filter>Editor\Scene</Filter>
    </ClCompile>
    <ClCompile Include="Editor\Scene\SceneUndo.cpp">
      <Filter>Editor\Scene</Filter>
    </ClCompile>
    <ClCompile Include="Editor\Scene\SceneUtil.cpp">
      <Filter>Editor\Scene</Filter>
    </ClCompile>
    <ClCompile Include="Editor\Scene\LEPhysics.cpp">
      <Filter>Editor\Scene</Filter>
    </ClCompile>
    <ClCompile Include="Editor\Tools\AIMap\ESceneAIMapControls.cpp">
      <Filter>Editor\Tools\AIMap</Filter>
    </ClCompile>
    <ClCompile Include="Editor\Tools\AIMap\ESceneAIMapTools.cpp">
      <Filter>Editor\Tools\AIMap</Filter>
    </ClCompile>
    <ClCompile Include="Editor\Tools\AIMap\ESceneAIMapTools_Controls.cpp">
      <Filter>Editor\Tools\AIMap</Filter>
    </ClCompile>
    <ClCompile Include="Editor\Tools\AIMap\ESceneAIMapTools_Export.cpp">
      <Filter>Editor\Tools\AIMap</Filter>
    </ClCompile>
    <ClCompile Include="Editor\Tools\AIMap\ESceneAIMapTools_Generate.cpp">
      <Filter>Editor\Tools\AIMap</Filter>
    </ClCompile>
    <ClCompile Include="Editor\Tools\AIMap\ESceneAIMapTools_MotionSimulator.cpp">
      <Filter>Editor\Tools\AIMap</Filter>
    </ClCompile>
    <ClCompile Include="Editor\Tools\AIMap\ESceneAIMapTools_Pick.cpp">
      <Filter>Editor\Tools\AIMap</Filter>
    </ClCompile>
    <ClCompile Include="Editor\Tools\AIMap\ESceneAIMapTools_Render.cpp">
      <Filter>Editor\Tools\AIMap</Filter>
    </ClCompile>
    <ClCompile Include="Editor\Tools\Base\ESceneControlsCustom.cpp">
      <Filter>Editor\Tools\Base</Filter>
    </ClCompile>
    <ClCompile Include="Editor\Tools\Base\ESceneCustomMTools.cpp">
      <Filter>Editor\Tools\Base</Filter>
    </ClCompile>
    <ClCompile Include="Editor\Tools\Base\ESceneCustomMToolsControls.cpp">
      <Filter>Editor\Tools\Base</Filter>
    </ClCompile>
    <ClCompile Include="Editor\Tools\Base\ESceneCustomOTools.cpp">
      <Filter>Editor\Tools\Base</Filter>
    </ClCompile>
    <ClCompile Include="Editor\Tools\Base\ESceneCustomOToolsIO.cpp">
      <Filter>Editor\Tools\Base</Filter>
    </ClCompile>
    <ClCompile Include="Editor\Tools\Base\ESceneDummyTools.cpp">
      <Filter>Editor\Tools\Base</Filter>
    </ClCompile>
    <ClCompile Include="Editor\Tools\Details\ESceneDOTools_Generate.cpp">
      <Filter>Editor\Tools\Details</Filter>
    </ClCompile>
    <ClCompile Include="Editor\Tools\Details\ESceneDOTools_Pick.cpp">
      <Filter>Editor\Tools\Details</Filter>
    </ClCompile>
    <ClCompile Include="Editor\Tools\Details\ESceneDOTools.cpp">
      <Filter>Editor\Tools\Details</Filter>
    </ClCompile>
    <ClCompile Include="Editor\Tools\Details\ESceneDOTools_Controls.cpp">
      <Filter>Editor\Tools\Details</Filter>
    </ClCompile>
    <ClCompile Include="Editor\Tools\FogVolume\ESceneFogVolumeTools.cpp">
      <Filter>Editor\Tools\FogVolume</Filter>
    </ClCompile>
    <ClCompile Include="Editor\Tools\Glow\ESceneGlowToolsIO.cpp">
      <Filter>Editor\Tools\Glow</Filter>
    </ClCompile>
    <ClCompile Include="Editor\Tools\Glow\ESceneGroupToolsIO.cpp">
      <Filter>Editor\Tools\Glow</Filter>
    </ClCompile>
    <ClCompile Include="Editor\Tools\Glow\ESceneGlowTools.cpp">
      <Filter>Editor\Tools\Glow</Filter>
    </ClCompile>
    <ClCompile Include="Editor\Tools\Group\ESceneGroupTools.cpp">
      <Filter>Editor\Tools\Group</Filter>
    </ClCompile>
    <ClCompile Include="Editor\Tools\Group\ESceneGroupControls.cpp">
      <Filter>Editor\Tools\Group</Filter>
    </ClCompile>
    <ClCompile Include="Editor\Tools\Light\ESceneLightToolsIO.cpp">
      <Filter>Editor\Tools\Light</Filter>
    </ClCompile>
    <ClCompile Include="Editor\Tools\Light\ESceneLightTools.cpp">
      <Filter>Editor\Tools\Light</Filter>
    </ClCompile>
    <ClCompile Include="Editor\Tools\Particles\EScenePSToolsIO.cpp">
      <Filter>Editor\Tools\Particles</Filter>
    </ClCompile>
    <ClCompile Include="Editor\Tools\Particles\EScenePSControls.cpp">
      <Filter>Editor\Tools\Particles</Filter>
    </ClCompile>
    <ClCompile Include="Editor\Tools\Particles\EScenePSTools.cpp">
      <Filter>Editor\Tools\Particles</Filter>
    </ClCompile>
    <ClCompile Include="Editor\Tools\Portal\EScenePortalTools.cpp">
      <Filter>Editor\Tools\Portal</Filter>
    </ClCompile>
    <ClCompile Include="Editor\Tools\Portal\EScenePortalToolsIO.cpp">
      <Filter>Editor\Tools\Portal</Filter>
    </ClCompile>
    <ClCompile Include="Editor\Tools\Portal\EScenePortalControls.cpp">
      <Filter>Editor\Tools\Portal</Filter>
    </ClCompile>
    <ClCompile Include="Editor\Tools\Sector\ESceneSectorTools.cpp">
      <Filter>Editor\Tools\Sector</Filter>
    </ClCompile>
    <ClCompile Include="Editor\Tools\Sector\ESceneSectorToolsIO.cpp">
      <Filter>Editor\Tools\Sector</Filter>
    </ClCompile>
    <ClCompile Include="Editor\Tools\Sector\ESceneSectorControls.cpp">
      <Filter>Editor\Tools\Sector</Filter>
    </ClCompile>
    <ClCompile Include="Editor\Tools\Shape\ESceneShapeTools.cpp">
      <Filter>Editor\Tools\Shape</Filter>
    </ClCompile>
    <ClCompile Include="Editor\Tools\Shape\ESceneShapeToolsIO.cpp">
      <Filter>Editor\Tools\Shape</Filter>
    </ClCompile>
    <ClCompile Include="Editor\Tools\Shape\ESceneShapeControls.cpp">
      <Filter>Editor\Tools\Shape</Filter>
    </ClCompile>
    <ClCompile Include="Editor\Tools\Sound\ESceneSoundSrcTools.cpp">
      <Filter>Editor\Tools\Sound</Filter>
    </ClCompile>
    <ClCompile Include="Editor\Tools\Sound\ESceneSoundSrcToolsIO.cpp">
      <Filter>Editor\Tools\Sound</Filter>
    </ClCompile>
    <ClCompile Include="Editor\Tools\Sound\ESceneSoundEnvTools.cpp">
      <Filter>Editor\Tools\Sound</Filter>
    </ClCompile>
    <ClCompile Include="Editor\Tools\Sound\ESceneSoundEnvToolsIO.cpp">
      <Filter>Editor\Tools\Sound</Filter>
    </ClCompile>
    <ClCompile Include="Editor\Tools\Spawn\ESceneSpawnToolsIO.cpp">
      <Filter>Editor\Tools\Spawn</Filter>
    </ClCompile>
    <ClCompile Include="Editor\Tools\Spawn\ESceneSpawnControls.cpp">
      <Filter>Editor\Tools\Spawn</Filter>
    </ClCompile>
    <ClCompile Include="Editor\Tools\Spawn\ESceneSpawnTools.cpp">
      <Filter>Editor\Tools\Spawn</Filter>
    </ClCompile>
    <ClCompile Include="Editor\Tools\StaticObject\ESceneObjectControls.cpp">
      <Filter>Editor\Tools\StaticObject</Filter>
    </ClCompile>
    <ClCompile Include="Editor\Tools\StaticObject\ESceneObjectTools.cpp">
      <Filter>Editor\Tools\StaticObject</Filter>
    </ClCompile>
    <ClCompile Include="Editor\Tools\StaticObject\ESceneObjectToolsExportBreakable.cpp">
      <Filter>Editor\Tools\StaticObject</Filter>
    </ClCompile>
    <ClCompile Include="Editor\Tools\StaticObject\ESceneObjectToolsIO.cpp">
      <Filter>Editor\Tools\StaticObject</Filter>
    </ClCompile>
    <ClCompile Include="Editor\Tools\Wallmark\ESceneWallmarkTools.cpp">
      <Filter>Editor\Tools\Wallmark</Filter>
    </ClCompile>
    <ClCompile Include="Editor\Tools\Wallmark\ESceneWallmarkControls.cpp">
      <Filter>Editor\Tools\Wallmark</Filter>
    </ClCompile>
    <ClCompile Include="Editor\Tools\WayPoint\ESceneWayControls.cpp">
      <Filter>Editor\Tools\WayPoint</Filter>
    </ClCompile>
    <ClCompile Include="Editor\Tools\WayPoint\ESceneWayTools.cpp">
      <Filter>Editor\Tools\WayPoint</Filter>
    </ClCompile>
    <ClCompile Include="Editor\Tools\WayPoint\ESceneWayToolsIO.cpp">
      <Filter>Editor\Tools\WayPoint</Filter>
    </ClCompile>
    <ClCompile Include="Editor\Utils\Custom2DProjector.cpp">
      <Filter>Editor\Utils</Filter>
    </ClCompile>
    <ClCompile Include="Editor\Utils\FS2.cpp">
      <Filter>Editor\Utils</Filter>
    </ClCompile>
    <ClCompile Include="Editor\Utils\GeometryPartExtractor.cpp">
      <Filter>Editor\Utils</Filter>
    </ClCompile>
    <ClCompile Include="Editor\Utils\iniStreamImpl.cpp">
      <Filter>Editor\Utils</Filter>
    </ClCompile>
    <ClCompile Include="Editor\Utils\LevelPreferences.cpp">
      <Filter>Editor\Utils</Filter>
    </ClCompile>
    <ClCompile Include="Editor\Utils\portalutils.cpp">
      <Filter>Editor\Utils</Filter>
    </ClCompile>
    <ClCompile Include="Editor\Utils\SoundManager_LE.cpp">
      <Filter>Editor\Utils</Filter>
    </ClCompile>
    <ClCompile Include="Editor\Utils\Cursor3D.cpp">
      <Filter>Editor\Utils</Filter>
    </ClCompile>
    <ClCompile Include="Editor\Utils\XrSEFactoryManager.cpp">
      <Filter>Editor\Utils</Filter>
    </ClCompile>
    <ClCompile Include="Editor\Utils\Gimzo\Gizmo.cpp">
      <Filter>Editor\Utils\Gimzo</Filter>
    </ClCompile>
    <ClCompile Include="UI\UIWorldPropertiesFrom.cpp">
      <Filter>UI</Filter>
    </ClCompile>
    <ClCompile Include="UI\ObjectList\UIObjectListItem.cpp">
      <Filter>UI\ObjectList</Filter>
    </ClCompile>
    <ClCompile Include="UI\ObjectList\UIObjectList.cpp">
      <Filter>UI\ObjectList</Filter>
    </ClCompile>
    <ClCompile Include="Editor\Scene\CFromBuilder.cpp">
      <Filter>Editor\Scene</Filter>
    </ClCompile>
  </ItemGroup>
  <ItemGroup>
    <ClInclude Include="stdafx.h" />
    <ClInclude Include="UI\UIMainMenuForm.h">
      <Filter>UI</Filter>
    </ClInclude>
    <ClInclude Include="UI\UITopBarForm.h">
      <Filter>UI</Filter>
    </ClInclude>
    <ClInclude Include="UI\UITopBarForm_ButtonList.h">
      <Filter>UI</Filter>
    </ClInclude>
    <ClInclude Include="UI\UILeftBarForm.h">
      <Filter>UI</Filter>
    </ClInclude>
    <ClInclude Include="UI\UIMainForm.h">
      <Filter>UI</Filter>
    </ClInclude>
    <ClInclude Include="..\..\XrRender\Private\DetailManager.h">
      <Filter>Render</Filter>
    </ClInclude>
    <ClInclude Include="UI\Tools\UILightTool.h">
      <Filter>UI\Tools</Filter>
    </ClInclude>
    <ClInclude Include="UI\UILPropertiesFrom.h">
      <Filter>UI</Filter>
    </ClInclude>
    <ClInclude Include="UI\Tools\UIObjectTool.h">
      <Filter>UI\Tools</Filter>
    </ClInclude>
    <ClInclude Include="UI\Tools\UIToolCustom.h">
      <Filter>UI\Tools</Filter>
    </ClInclude>
    <ClInclude Include="UI\UIPropertiesModal.h">
      <Filter>UI</Filter>
    </ClInclude>
    <ClInclude Include="UI\Tools\UISpawnTool.h">
      <Filter>UI\Tools</Filter>
    </ClInclude>
    <ClInclude Include="UI\Tools\UIShapeTool.h">
      <Filter>UI\Tools</Filter>
    </ClInclude>
    <ClInclude Include="UI\Tools\UIWayTool.h">
      <Filter>UI\Tools</Filter>
    </ClInclude>
    <ClInclude Include="UI\Tools\UIPortalTool.h">
      <Filter>UI\Tools</Filter>
    </ClInclude>
    <ClInclude Include="UI\Tools\UISectorTool.h">
      <Filter>UI\Tools</Filter>
    </ClInclude>
    <ClInclude Include="UI\Tools\UIAIMapTool.h">
      <Filter>UI\Tools</Filter>
    </ClInclude>
    <ClInclude Include="UI\Tools\UIParticlesTool.h">
      <Filter>UI\Tools</Filter>
    </ClInclude>
    <ClInclude Include="UI\Tools\UIGroupTool.h">
      <Filter>UI\Tools</Filter>
    </ClInclude>
    <ClInclude Include="UI\Tools\UIDOTool.h">
      <Filter>UI\Tools</Filter>
    </ClInclude>
    <ClInclude Include="UI\Tools\UIFogVolTool.h">
      <Filter>UI\Tools</Filter>
    </ClInclude>
    <ClInclude Include="UI\UIDOShuffle.h">
      <Filter>UI</Filter>
    </ClInclude>
    <ClInclude Include="UI\UIDOOneColor.h">
      <Filter>UI</Filter>
    </ClInclude>
    <ClInclude Include="Engine\XRayEditor.h">
      <Filter>Engine</Filter>
    </ClInclude>
    <ClInclude Include="Engine\XrGameManager.h">
      <Filter>Engine</Filter>
    </ClInclude>
    <ClInclude Include="AI\xrThread.h">
      <Filter>AI</Filter>
    </ClInclude>
    <ClInclude Include="AI\graph_engine_editor.h">
      <Filter>AI\Search\graph_engine</Filter>
    </ClInclude>
    <ClInclude Include="AI\graph_engine_editor_inline.h">
      <Filter>AI\Search\graph_engine</Filter>
    </ClInclude>
    <ClInclude Include="AI\graph_engine_editor_space.h">
      <Filter>AI\Search\graph_engine</Filter>
    </ClInclude>
    <ClInclude Include="AI\game_graph_editor.h">
      <Filter>AI\Search\graphs\game_graph</Filter>
    </ClInclude>
    <ClInclude Include="AI\game_level_cross_table_editor.h">
      <Filter>AI\Search\graphs\cross_table</Filter>
    </ClInclude>
    <ClInclude Include="AI\level_graph_editor.h">
      <Filter>AI\Search\graphs\level_graph</Filter>
    </ClInclude>
    <ClInclude Include="AI\path_manager.h">
      <Filter>AI\Search\path_managers</Filter>
    </ClInclude>
    <ClInclude Include="AI\path_manager_game.h">
      <Filter>AI\Search\path_managers\path_manager_game</Filter>
    </ClInclude>
    <ClInclude Include="AI\path_manager_game_inline.h">
      <Filter>AI\Search\path_managers\path_manager_game</Filter>
    </ClInclude>
    <ClInclude Include="AI\path_manager_level.h">
      <Filter>AI\Search\path_managers\path_manager_level</Filter>
    </ClInclude>
    <ClInclude Include="AI\path_manager_level_inline.h">
      <Filter>AI\Search\path_managers\path_manager_level</Filter>
    </ClInclude>
    <ClInclude Include="AI\path_manager_generic.h">
      <Filter>AI\Search\path_managers\path_manager_generic</Filter>
    </ClInclude>
    <ClInclude Include="AI\path_manager_generic_inline.h">
      <Filter>AI\Search\path_managers\path_manager_generic</Filter>
    </ClInclude>
    <ClInclude Include="AI\path_manager_params.h">
      <Filter>AI\Search\path_managers\path_manager_params</Filter>
    </ClInclude>
    <ClInclude Include="AI\path_manager_params_flooder.h">
      <Filter>AI\Search\path_managers\path_manager_params</Filter>
    </ClInclude>
    <ClInclude Include="AI\path_manager_params_game_level.h">
      <Filter>AI\Search\path_managers\path_manager_params</Filter>
    </ClInclude>
    <ClInclude Include="AI\path_manager_params_straight_line.h">
      <Filter>AI\Search\path_managers\path_manager_params</Filter>
    </ClInclude>
    <ClInclude Include="AI\path_manager_level_evaluator_inline.h">
      <Filter>AI\Search\path_managers\path_manager_level\path_manager_level_evaluator</Filter>
    </ClInclude>
    <ClInclude Include="AI\path_manager_level_evaluator.h">
      <Filter>AI\Search\path_managers\path_manager_level\path_manager_level_evaluator</Filter>
    </ClInclude>
    <ClInclude Include="AI\path_manager_level_flooder_inline.h">
      <Filter>AI\Search\path_managers\path_manager_level\path_manager_level_flooder</Filter>
    </ClInclude>
    <ClInclude Include="AI\path_manager_level_flooder.h">
      <Filter>AI\Search\path_managers\path_manager_level\path_manager_level_flooder</Filter>
    </ClInclude>
    <ClInclude Include="AI\path_manager_level_straight_line.h">
      <Filter>AI\Search\path_managers\path_manager_level\path_manager_level_straight_line</Filter>
    </ClInclude>
    <ClInclude Include="AI\path_manager_level_straight_line_inline.h">
      <Filter>AI\Search\path_managers\path_manager_level\path_manager_level_straight_line</Filter>
    </ClInclude>
    <ClInclude Include="AI\path_manager_game_level.h">
      <Filter>AI\Search\path_managers\path_manager_game\path_manager_game_level</Filter>
    </ClInclude>
    <ClInclude Include="AI\path_manager_game_level_inline.h">
      <Filter>AI\Search\path_managers\path_manager_game\path_manager_game_level</Filter>
    </ClInclude>
    <ClInclude Include="AI\path_manager_game_vertex_type.h">
      <Filter>AI\Search\path_managers\path_manager_game\path_manager_game_vertex_type</Filter>
    </ClInclude>
    <ClInclude Include="AI\path_manager_game_vertex_type_inline.h">
      <Filter>AI\Search\path_managers\path_manager_game\path_manager_game_vertex_type</Filter>
    </ClInclude>
    <ClInclude Include="AI\game_graph_builder_inline.h">
      <Filter>AI\Graph</Filter>
    </ClInclude>
    <ClInclude Include="AI\game_graph_builder.h">
      <Filter>AI\Graph</Filter>
    </ClInclude>
    <ClInclude Include="AI\cover_point_inline.h">
      <Filter>AI\Spawn</Filter>
    </ClInclude>
    <ClInclude Include="AI\cover_point.h">
      <Filter>AI\Spawn</Filter>
    </ClInclude>
    <ClInclude Include="AI\patrol_path_storage.h">
      <Filter>AI\Spawn\patrol_paths\patrol_path_storage</Filter>
    </ClInclude>
    <ClInclude Include="AI\patrol_path_storage_inline.h">
      <Filter>AI\Spawn\patrol_paths\patrol_path_storage</Filter>
    </ClInclude>
    <ClInclude Include="AI\patrol_path.h">
      <Filter>AI\Spawn\patrol_paths\patrol_path</Filter>
    </ClInclude>
    <ClInclude Include="AI\patrol_path_inline.h">
      <Filter>AI\Spawn\patrol_paths\patrol_path</Filter>
    </ClInclude>
    <ClInclude Include="AI\patrol_point.h">
      <Filter>AI\Spawn\patrol_paths\patrol_point</Filter>
    </ClInclude>
    <ClInclude Include="AI\patrol_point_inline.h">
      <Filter>AI\Spawn\patrol_paths\patrol_point</Filter>
    </ClInclude>
    <ClInclude Include="AI\level_spawn_constructor.h">
      <Filter>AI\Spawn\level_spawn_constructor</Filter>
    </ClInclude>
    <ClInclude Include="AI\level_spawn_constructor_inline.h">
      <Filter>AI\Spawn\level_spawn_constructor</Filter>
    </ClInclude>
    <ClInclude Include="AI\space_restrictor_wrapper.h">
      <Filter>AI\Spawn\level_spawn_constructor\space_restrictor_wrapper</Filter>
    </ClInclude>
    <ClInclude Include="AI\space_restrictor_wrapper_inline.h">
      <Filter>AI\Spawn\level_spawn_constructor\space_restrictor_wrapper</Filter>
    </ClInclude>
    <ClInclude Include="AI\game_spawn_constructor.h">
      <Filter>AI\Spawn\game_spawn_constructor</Filter>
    </ClInclude>
    <ClInclude Include="AI\game_spawn_constructor_inline.h">
      <Filter>AI\Spawn\game_spawn_constructor</Filter>
    </ClInclude>
    <ClInclude Include="AI\server_entity_wrapper.h">
      <Filter>AI\Spawn</Filter>
    </ClInclude>
    <ClInclude Include="AI\server_entity_wrapper_inline.h">
      <Filter>AI\Spawn</Filter>
    </ClInclude>
    <ClInclude Include="Editor\UI_LevelMain.h">
      <Filter>Editor</Filter>
    </ClInclude>
    <ClInclude Include="Editor\UI_LevelTools.h">
      <Filter>Editor</Filter>
    </ClInclude>
    <ClInclude Include="Editor\Builder\Builder.h">
      <Filter>Editor\Builder</Filter>
    </ClInclude>
    <ClInclude Include="Editor\Entry\CustomObject.h">
      <Filter>Editor\Entry</Filter>
    </ClInclude>
    <ClInclude Include="Editor\Entry\Glow\glow.h">
      <Filter>Editor\Entry\Glow</Filter>
    </ClInclude>
    <ClInclude Include="Editor\Entry\Group\GroupObject.h">
      <Filter>Editor\Entry\Group</Filter>
    </ClInclude>
    <ClInclude Include="Editor\Entry\Light\ELight.h">
      <Filter>Editor\Entry\Light</Filter>
    </ClInclude>
    <ClInclude Include="Editor\Entry\Particles\EParticlesObject.h">
      <Filter>Editor\Entry\Particles</Filter>
    </ClInclude>
    <ClInclude Include="Editor\Entry\Portal\portal.h">
      <Filter>Editor\Entry\Portal</Filter>
    </ClInclude>
    <ClInclude Include="Editor\Entry\Sector\sector.h">
      <Filter>Editor\Entry\Sector</Filter>
    </ClInclude>
    <ClInclude Include="Editor\Entry\Shape\EShape.h">
      <Filter>Editor\Entry\Shape</Filter>
    </ClInclude>
    <ClInclude Include="Editor\Entry\Sound\ESound_Environment.h">
      <Filter>Editor\Entry\Sound</Filter>
    </ClInclude>
    <ClInclude Include="Editor\Entry\Sound\ESound_Source.h">
      <Filter>Editor\Entry\Sound</Filter>
    </ClInclude>
    <ClInclude Include="Editor\Entry\Spawn\SpawnPoint.h">
      <Filter>Editor\Entry\Spawn</Filter>
    </ClInclude>
    <ClInclude Include="Editor\Entry\StaticObject\SceneObject.h">
      <Filter>Editor\Entry\StaticObject</Filter>
    </ClInclude>
    <ClInclude Include="Editor\Entry\WayPoint\WayPoint.h">
      <Filter>Editor\Entry\WayPoint</Filter>
    </ClInclude>
    <ClInclude Include="Editor\Scene\scene.h">
      <Filter>Editor\Scene</Filter>
    </ClInclude>
    <ClInclude Include="Editor\Scene\SceneGraph.h">
      <Filter>Editor\Scene</Filter>
    </ClInclude>
    <ClInclude Include="Editor\Scene\SceneSummaryInfo.h">
      <Filter>Editor\Scene</Filter>
    </ClInclude>
    <ClInclude Include="Editor\Scene\LEPhysics.h">
      <Filter>Editor\Scene</Filter>
    </ClInclude>
    <ClInclude Include="Editor\Scene\mesh_data.h">
      <Filter>Editor\Scene</Filter>
    </ClInclude>
    <ClInclude Include="Editor\Tools\AIMap\ESceneAIMapControls.h">
      <Filter>Editor\Tools\AIMap</Filter>
    </ClInclude>
    <ClInclude Include="Editor\Tools\AIMap\ESceneAIMapTools.h">
      <Filter>Editor\Tools\AIMap</Filter>
    </ClInclude>
    <ClInclude Include="Editor\Tools\AIMap\ESceneAIMapTools_Export.h">
      <Filter>Editor\Tools\AIMap</Filter>
    </ClInclude>
    <ClInclude Include="Editor\Tools\Base\ESceneControlsCustom.h">
      <Filter>Editor\Tools\Base</Filter>
    </ClInclude>
    <ClInclude Include="Editor\Tools\Base\ESceneCustomMTools.h">
      <Filter>Editor\Tools\Base</Filter>
    </ClInclude>
    <ClInclude Include="Editor\Tools\Base\ESceneCustomOTools.h">
      <Filter>Editor\Tools\Base</Filter>
    </ClInclude>
    <ClInclude Include="Editor\Tools\Base\ESceneDummyTools.h">
      <Filter>Editor\Tools\Base</Filter>
    </ClInclude>
    <ClInclude Include="Editor\Tools\Details\ESceneDOTools.h">
      <Filter>Editor\Tools\Details</Filter>
    </ClInclude>
    <ClInclude Include="Editor\Tools\FogVolume\ESceneFogVolumeTools.h">
      <Filter>Editor\Tools\FogVolume</Filter>
    </ClInclude>
    <ClInclude Include="Editor\Tools\Glow\ESceneGlowTools.h">
      <Filter>Editor\Tools\Glow</Filter>
    </ClInclude>
    <ClInclude Include="Editor\Tools\Group\ESceneGroupTools.h">
      <Filter>Editor\Tools\Group</Filter>
    </ClInclude>
    <ClInclude Include="Editor\Tools\Group\ESceneGroupControls.h">
      <Filter>Editor\Tools\Group</Filter>
    </ClInclude>
    <ClInclude Include="Editor\Tools\Light\ESceneLightTools.h">
      <Filter>Editor\Tools\Light</Filter>
    </ClInclude>
    <ClInclude Include="Editor\Tools\Particles\EScenePSTools.h">
      <Filter>Editor\Tools\Particles</Filter>
    </ClInclude>
    <ClInclude Include="Editor\Tools\Particles\EScenePSControls.h">
      <Filter>Editor\Tools\Particles</Filter>
    </ClInclude>
    <ClInclude Include="Editor\Tools\Portal\EScenePortalControls.h">
      <Filter>Editor\Tools\Portal</Filter>
    </ClInclude>
    <ClInclude Include="Editor\Tools\Portal\EScenePortalTools.h">
      <Filter>Editor\Tools\Portal</Filter>
    </ClInclude>
    <ClInclude Include="Editor\Tools\Sector\ESceneSectorTools.h">
      <Filter>Editor\Tools\Sector</Filter>
    </ClInclude>
    <ClInclude Include="Editor\Tools\Sector\ESceneSectorControls.h">
      <Filter>Editor\Tools\Sector</Filter>
    </ClInclude>
    <ClInclude Include="Editor\Tools\Shape\ESceneShapeTools.h">
      <Filter>Editor\Tools\Shape</Filter>
    </ClInclude>
    <ClInclude Include="Editor\Tools\Shape\ESceneShapeControls.h">
      <Filter>Editor\Tools\Shape</Filter>
    </ClInclude>
    <ClInclude Include="Editor\Tools\Sound\ESceneSoundSrcTools.h">
      <Filter>Editor\Tools\Sound</Filter>
    </ClInclude>
    <ClInclude Include="Editor\Tools\Sound\ESceneSoundEnvTools.h">
      <Filter>Editor\Tools\Sound</Filter>
    </ClInclude>
    <ClInclude Include="Editor\Tools\Spawn\ESceneSpawnTools.h">
      <Filter>Editor\Tools\Spawn</Filter>
    </ClInclude>
    <ClInclude Include="Editor\Tools\Spawn\ESceneSpawnControls.h">
      <Filter>Editor\Tools\Spawn</Filter>
    </ClInclude>
    <ClInclude Include="Editor\Tools\StaticObject\ESceneObjectControls.h">
      <Filter>Editor\Tools\StaticObject</Filter>
    </ClInclude>
    <ClInclude Include="Editor\Tools\StaticObject\ESceneObjectTools.h">
      <Filter>Editor\Tools\StaticObject</Filter>
    </ClInclude>
    <ClInclude Include="Editor\Tools\Wallmark\ESceneWallmarkTools.h">
      <Filter>Editor\Tools\Wallmark</Filter>
    </ClInclude>
    <ClInclude Include="Editor\Tools\Wallmark\ESceneWallmarkControls.h">
      <Filter>Editor\Tools\Wallmark</Filter>
    </ClInclude>
    <ClInclude Include="Editor\Tools\ESceneClassList.h">
      <Filter>Editor\Tools</Filter>
    </ClInclude>
    <ClInclude Include="Editor\Tools\WayPoint\ESceneWayControls.h">
      <Filter>Editor\Tools\WayPoint</Filter>
    </ClInclude>
    <ClInclude Include="Editor\Tools\WayPoint\ESceneWayTools.h">
      <Filter>Editor\Tools\WayPoint</Filter>
    </ClInclude>
    <ClInclude Include="Editor\Utils\Custom2DProjector.h">
      <Filter>Editor\Utils</Filter>
    </ClInclude>
    <ClInclude Include="Editor\Utils\FS2.h">
      <Filter>Editor\Utils</Filter>
    </ClInclude>
    <ClInclude Include="Editor\Utils\GeometryPartExtractor.h">
      <Filter>Editor\Utils</Filter>
    </ClInclude>
    <ClInclude Include="Editor\Utils\iniStreamImpl.h">
      <Filter>Editor\Utils</Filter>
    </ClInclude>
    <ClInclude Include="Editor\Utils\LevelPreferences.h">
      <Filter>Editor\Utils</Filter>
    </ClInclude>
    <ClInclude Include="Editor\Utils\lwchunks.h">
      <Filter>Editor\Utils</Filter>
    </ClInclude>
    <ClInclude Include="Editor\Utils\portalutils.h">
      <Filter>Editor\Utils</Filter>
    </ClInclude>
    <ClInclude Include="Editor\Utils\SoundManager_LE.h">
      <Filter>Editor\Utils</Filter>
    </ClInclude>
    <ClInclude Include="Editor\Utils\Cursor3D.h">
      <Filter>Editor\Utils</Filter>
    </ClInclude>
    <ClInclude Include="Editor\Utils\XrSEFactoryManager.h">
      <Filter>Editor\Utils</Filter>
    </ClInclude>
    <ClInclude Include="Editor\Utils\Gimzo\Gizmo.h">
      <Filter>Editor\Utils\Gimzo</Filter>
    </ClInclude>
    <ClInclude Include="UI\UIWorldPropertiesFrom.h">
      <Filter>UI</Filter>
    </ClInclude>
    <ClInclude Include="UI\ObjectList\UIObjectList.h">
      <Filter>UI\ObjectList</Filter>
    </ClInclude>
    <ClInclude Include="UI\ObjectList\UIObjectListItem.h">
      <Filter>UI\ObjectList</Filter>
    </ClInclude>
    <ClInclude Include="Editor\Scene\CFromBuilder.h">
      <Filter>Editor\Scene</Filter>
    </ClInclude>
  </ItemGroup>
</Project>