<?xml version="1.0" encoding="utf-8"?>
<Project ToolsVersion="4.0" xmlns="http://schemas.microsoft.com/developer/msbuild/2003">
  <ItemGroup>
    <Filter Include="Исходные файлы">
      <UniqueIdentifier>{4FC737F1-C7A5-4376-A066-2A32D752A2FF}</UniqueIdentifier>
      <Extensions>cpp;c;cc;cxx;c++;def;odl;idl;hpj;bat;asm;asmx</Extensions>
    </Filter>
    <Filter Include="Файлы заголовков">
      <UniqueIdentifier>{93995380-89BD-4b04-88EB-625FBE52EBFB}</UniqueIdentifier>
      <Extensions>h;hh;hpp;hxx;h++;hm;inl;inc;ipp;xsd</Extensions>
    </Filter>
    <Filter Include="Файлы ресурсов">
      <UniqueIdentifier>{67DA6AB6-F800-4c08-8B7A-83BB121AAD01}</UniqueIdentifier>
      <Extensions>rc;ico;cur;bmp;dlg;rc2;rct;bin;rgs;gif;jpg;jpeg;jpe;resx;tiff;tif;png;wav;mfcribbon-ms</Extensions>
    </Filter>
  </ItemGroup>
  <ItemGroup>
    <ClCompile Include="mat4.cpp">
      <Filter>Исходные файлы</Filter>
    </ClCompile>
    <ClCompile Include="mixmops.cpp">
      <Filter>Исходные файлы</Filter>
    </ClCompile>
    <ClCompile Include="MxBlockModel.cpp">
      <Filter>Исходные файлы</Filter>
    </ClCompile>
    <ClCompile Include="MxGeom3D.cpp">
      <Filter>Исходные файлы</Filter>
    </ClCompile>
    <ClCompile Include="MxHeap.cpp">
      <Filter>Исходные файлы</Filter>
    </ClCompile>
    <ClCompile Include="MxMat3-jacobi.cpp">
      <Filter>Исходные файлы</Filter>
    </ClCompile>
    <ClCompile Include="MxMat4-jacobi.cpp">
      <Filter>Исходные файлы</Filter>
    </ClCompile>
    <ClCompile Include="MxMatrix.cpp">
      <Filter>Исходные файлы</Filter>
    </ClCompile>
    <ClCompile Include="MxPropSlim.cpp">
      <Filter>Исходные файлы</Filter>
    </ClCompile>
    <ClCompile Include="MxQMetric.cpp">
      <Filter>Исходные файлы</Filter>
    </ClCompile>
    <ClCompile Include="MxQMetric3.cpp">
      <Filter>Исходные файлы</Filter>
    </ClCompile>
    <ClCompile Include="MxQSlim.cpp">
      <Filter>Исходные файлы</Filter>
    </ClCompile>
    <ClCompile Include="MxStdModel.cpp">
      <Filter>Исходные файлы</Filter>
    </ClCompile>
    <ClCompile Include="MxStdSlim.cpp">
      <Filter>Исходные файлы</Filter>
    </ClCompile>
    <ClCompile Include="mat2.cpp">
      <Filter>Исходные файлы</Filter>
    </ClCompile>
    <ClCompile Include="mat3.cpp">
      <Filter>Исходные файлы</Filter>
    </ClCompile>
  </ItemGroup>
  <ItemGroup>
    <ClInclude Include="mat4.h">
      <Filter>Файлы заголовков</Filter>
    </ClInclude>
    <ClInclude Include="mixmops.h">
      <Filter>Файлы заголовков</Filter>
    </ClInclude>
    <ClInclude Include="mixvops.h">
      <Filter>Файлы заголовков</Filter>
    </ClInclude>
    <ClInclude Include="MxBlock.h">
      <Filter>Файлы заголовков</Filter>
    </ClInclude>
    <ClInclude Include="MxBlock2.h">
      <Filter>Файлы заголовков</Filter>
    </ClInclude>
    <ClInclude Include="MxBlockModel.h">
      <Filter>Файлы заголовков</Filter>
    </ClInclude>
    <ClInclude Include="MxDefines.h">
      <Filter>Файлы заголовков</Filter>
    </ClInclude>
    <ClInclude Include="MxDynBlock.h">
      <Filter>Файлы заголовков</Filter>
    </ClInclude>
    <ClInclude Include="MxGeom3D.h">
      <Filter>Файлы заголовков</Filter>
    </ClInclude>
    <ClInclude Include="MxGeoPrims.h">
      <Filter>Файлы заголовков</Filter>
    </ClInclude>
    <ClInclude Include="MxHeap.h">
      <Filter>Файлы заголовков</Filter>
    </ClInclude>
    <ClInclude Include="MxMat2.h">
      <Filter>Файлы заголовков</Filter>
    </ClInclude>
    <ClInclude Include="MxMat3.h">
      <Filter>Файлы заголовков</Filter>
    </ClInclude>
    <ClInclude Include="MxMat4.h">
      <Filter>Файлы заголовков</Filter>
    </ClInclude>
    <ClInclude Include="MxMatrix.h">
      <Filter>Файлы заголовков</Filter>
    </ClInclude>
    <ClInclude Include="MxPropSlim.h">
      <Filter>Файлы заголовков</Filter>
    </ClInclude>
    <ClInclude Include="MxQMetric.h">
      <Filter>Файлы заголовков</Filter>
    </ClInclude>
    <ClInclude Include="MxQMetric3.h">
      <Filter>Файлы заголовков</Filter>
    </ClInclude>
    <ClInclude Include="MxQSlim.h">
      <Filter>Файлы заголовков</Filter>
    </ClInclude>
    <ClInclude Include="MxStdModel.h">
      <Filter>Файлы заголовков</Filter>
    </ClInclude>
    <ClInclude Include="MxStdSlim.h">
      <Filter>Файлы заголовков</Filter>
    </ClInclude>
    <ClInclude Include="MxVec3.h">
      <Filter>Файлы заголовков</Filter>
    </ClInclude>
    <ClInclude Include="MxVec4.h">
      <Filter>Файлы заголовков</Filter>
    </ClInclude>
    <ClInclude Include="MxVector.h">
      <Filter>Файлы заголовков</Filter>
    </ClInclude>
    <ClInclude Include="stdafx.h">
      <Filter>Файлы заголовков</Filter>
    </ClInclude>
    <ClInclude Include="vec2.h">
      <Filter>Файлы заголовков</Filter>
    </ClInclude>
    <ClInclude Include="vec3.h">
      <Filter>Файлы заголовков</Filter>
    </ClInclude>
    <ClInclude Include="vec4.h">
      <Filter>Файлы заголовков</Filter>
    </ClInclude>
    <ClInclude Include="geom3d.h">
      <Filter>Файлы заголовков</Filter>
    </ClInclude>
    <ClInclude Include="mat2.h">
      <Filter>Файлы заголовков</Filter>
    </ClInclude>
    <ClInclude Include="mat3.h">
      <Filter>Файлы заголовков</Filter>
    </ClInclude>
  </ItemGroup>
</Project>