<?xml version="1.0" encoding="utf-8"?>
<Project ToolsVersion="4.0" xmlns="http://schemas.microsoft.com/developer/msbuild/2003">
  <ItemGroup>
    <ClCompile Include="stdafx.cpp" />
    <ClCompile Include="game_graph.cpp">
      <Filter>GameGraph</Filter>
    </ClCompile>
    <ClCompile Include="game_level_cross_table.cpp">
      <Filter>GameGraph\CrossTable</Filter>
    </ClCompile>
    <ClCompile Include="game_graph_builder.cpp">
      <Filter>GameGraph\Builder</Filter>
    </ClCompile>
    <ClCompile Include="level_graph.cpp">
      <Filter>LevelGraph</Filter>
    </ClCompile>
  </ItemGroup>
  <ItemGroup>
    <ClInclude Include="stdafx.h" />
    <ClInclude Include="game_graph.h">
      <Filter>GameGraph</Filter>
    </ClInclude>
    <ClInclude Include="game_graph_inline.h">
      <Filter>GameGraph</Filter>
    </ClInclude>
    <ClInclude Include="game_graph_space.h">
      <Filter>GameGraph</Filter>
    </ClInclude>
    <ClInclude Include="associative_vector.h">
      <Filter>AssociativeVector</Filter>
    </ClInclude>
    <ClInclude Include="associative_vector_compare_predicate.h">
      <Filter>AssociativeVector</Filter>
    </ClInclude>
    <ClInclude Include="associative_vector_compare_predicate_inline.h">
      <Filter>AssociativeVector</Filter>
    </ClInclude>
    <ClInclude Include="associative_vector_inline.h">
      <Filter>AssociativeVector</Filter>
    </ClInclude>
    <ClInclude Include="game_level_cross_table.h">
      <Filter>GameGraph\CrossTable</Filter>
    </ClInclude>
    <ClInclude Include="game_level_cross_table_inline.h">
      <Filter>GameGraph\CrossTable</Filter>
    </ClInclude>
    <ClInclude Include="game_graph_builder_inline.h">
      <Filter>GameGraph\Builder</Filter>
    </ClInclude>
    <ClInclude Include="game_graph_builder.h">
      <Filter>GameGraph\Builder</Filter>
    </ClInclude>
    <ClInclude Include="level_graph.h">
      <Filter>LevelGraph</Filter>
    </ClInclude>
    <ClInclude Include="level_graph_inline.h">
      <Filter>LevelGraph</Filter>
    </ClInclude>
    <ClInclude Include="level_graph_space.h">
      <Filter>LevelGraph</Filter>
    </ClInclude>
    <ClInclude Include="level_graph_vertex_inline.h">
      <Filter>LevelGraph</Filter>
    </ClInclude>
    <ClInclude Include="graph_abstract_inline.h">
      <Filter>GameGraph</Filter>
    </ClInclude>
    <ClInclude Include="graph_edge.h">
      <Filter>GameGraph</Filter>
    </ClInclude>
    <ClInclude Include="graph_edge_inline.h">
      <Filter>GameGraph</Filter>
    </ClInclude>
    <ClInclude Include="graph_vertex.h">
      <Filter>GameGraph</Filter>
    </ClInclude>
    <ClInclude Include="graph_vertex_inline.h">
      <Filter>GameGraph</Filter>
    </ClInclude>
    <ClInclude Include="graph_abstract.h">
      <Filter>GameGraph</Filter>
    </ClInclude>
    <ClInclude Include="object_type_traits.h">
      <Filter>GameGraph\ObjectBroker</Filter>
    </ClInclude>
    <ClInclude Include="object_broker.h">
      <Filter>GameGraph\ObjectBroker</Filter>
    </ClInclude>
    <ClInclude Include="object_cloner.h">
      <Filter>GameGraph\ObjectBroker</Filter>
    </ClInclude>
    <ClInclude Include="object_comparer.h">
      <Filter>GameGraph\ObjectBroker</Filter>
    </ClInclude>
    <ClInclude Include="object_destroyer.h">
      <Filter>GameGraph\ObjectBroker</Filter>
    </ClInclude>
    <ClInclude Include="object_loader.h">
      <Filter>GameGraph\ObjectBroker</Filter>
    </ClInclude>
    <ClInclude Include="object_saver.h">
      <Filter>GameGraph\ObjectBroker</Filter>
    </ClInclude>
    <ClInclude Include="object_interfaces.h">
      <Filter>GameGraph\ObjectBroker</Filter>
    </ClInclude>
  </ItemGroup>
  <ItemGroup>
    <Filter Include="AssociativeVector">
      <UniqueIdentifier>{03cba0c3-6574-4c19-bbae-5391eb97dd09}</UniqueIdentifier>
    </Filter>
    <Filter Include="GameGraph">
      <UniqueIdentifier>{4289f182-72b2-4707-9b1d-e87a35213410}</UniqueIdentifier>
    </Filter>
    <Filter Include="GameGraph\CrossTable">
      <UniqueIdentifier>{256cfef3-41fb-47d0-ba48-a855b48b7fd8}</UniqueIdentifier>
    </Filter>
    <Filter Include="GameGraph\Builder">
      <UniqueIdentifier>{04c88fa5-b299-43d7-a75d-90b5eaae15f7}</UniqueIdentifier>
    </Filter>
    <Filter Include="LevelGraph">
      <UniqueIdentifier>{1313637a-52f2-461c-9c0d-a8221ae73589}</UniqueIdentifier>
    </Filter>
    <Filter Include="GameGraph\ObjectBroker">
      <UniqueIdentifier>{1b9ad559-b707-4c20-b453-0170fa5123dc}</UniqueIdentifier>
    </Filter>
  </ItemGroup>
</Project>